// !$*UTF8*$!
{
	archiveVersion = 1;
	classes = {
	};
	objectVersion = 46;
	objects = {

/* Begin PBXBuildFile section */
		77BD827B1B9AA37500641D5D /* AppDelegate.swift in Sources */ = {isa = PBXBuildFile; fileRef = 77BD827A1B9AA37500641D5D /* AppDelegate.swift */; };
		77BD827D1B9AA37500641D5D /* ViewController.swift in Sources */ = {isa = PBXBuildFile; fileRef = 77BD827C1B9AA37500641D5D /* ViewController.swift */; };
		77BD82801B9AA37500641D5D /* Main.storyboard in Resources */ = {isa = PBXBuildFile; fileRef = 77BD827E1B9AA37500641D5D /* Main.storyboard */; };
		77BD82821B9AA37500641D5D /* Assets.xcassets in Resources */ = {isa = PBXBuildFile; fileRef = 77BD82811B9AA37500641D5D /* Assets.xcassets */; };
		77BD82851B9AA37500641D5D /* LaunchScreen.storyboard in Resources */ = {isa = PBXBuildFile; fileRef = 77BD82831B9AA37500641D5D /* LaunchScreen.storyboard */; };
		77F166211B9AB37F00365ED0 /* GCDTest.swift in Sources */ = {isa = PBXBuildFile; fileRef = 77F166201B9AB37F00365ED0 /* GCDTest.swift */; };
/* End PBXBuildFile section */

/* Begin PBXFileReference section */
		77BD82771B9AA37500641D5D /* test.app */ = {isa = PBXFileReference; explicitFileType = wrapper.application; includeInIndex = 0; path = test.app; sourceTree = BUILT_PRODUCTS_DIR; };
		77BD827A1B9AA37500641D5D /* AppDelegate.swift */ = {isa = PBXFileReference; lastKnownFileType = sourcecode.swift; path = AppDelegate.swift; sourceTree = "<group>"; };
		77BD827C1B9AA37500641D5D /* ViewController.swift */ = {isa = PBXFileReference; lastKnownFileType = sourcecode.swift; path = ViewController.swift; sourceTree = "<group>"; };
		77BD827F1B9AA37500641D5D /* Base */ = {isa = PBXFileReference; lastKnownFileType = file.storyboard; name = Base; path = Base.lproj/Main.storyboard; sourceTree = "<group>"; };
		77BD82811B9AA37500641D5D /* Assets.xcassets */ = {isa = PBXFileReference; lastKnownFileType = folder.assetcatalog; path = Assets.xcassets; sourceTree = "<group>"; };
		77BD82841B9AA37500641D5D /* Base */ = {isa = PBXFileReference; lastKnownFileType = file.storyboard; name = Base; path = Base.lproj/LaunchScreen.storyboard; sourceTree = "<group>"; };
		77BD82861B9AA37500641D5D /* Info.plist */ = {isa = PBXFileReference; lastKnownFileType = text.plist.xml; path = Info.plist; sourceTree = "<group>"; };
		77F166201B9AB37F00365ED0 /* GCDTest.swift */ = {isa = PBXFileReference; fileEncoding = 4; lastKnownFileType = sourcecode.swift; path = GCDTest.swift; sourceTree = "<group>"; };
/* End PBXFileReference section */

/* Begin PBXFrameworksBuildPhase section */
		77BD82741B9AA37500641D5D /* Frameworks */ = {
			isa = PBXFrameworksBuildPhase;
			buildActionMask = 2147483647;
			files = (
			);
			runOnlyForDeploymentPostprocessing = 0;
		};
/* End PBXFrameworksBuildPhase section */

/* Begin PBXGroup section */
		77BD826E1B9AA37500641D5D = {
			isa = PBXGroup;
			children = (
				77BD82791B9AA37500641D5D /* test */,
				77BD82781B9AA37500641D5D /* Products */,
			);
			sourceTree = "<group>";
		};
		77BD82781B9AA37500641D5D /* Products */ = {
			isa = PBXGroup;
			children = (
				77BD82771B9AA37500641D5D /* test.app */,
			);
			name = Products;
			sourceTree = "<group>";
		};
		77BD82791B9AA37500641D5D /* test */ = {
			isa = PBXGroup;
			children = (
				77BD827A1B9AA37500641D5D /* AppDelegate.swift */,
				77BD827C1B9AA37500641D5D /* ViewController.swift */,
				77F166201B9AB37F00365ED0 /* GCDTest.swift */,
				77BD827E1B9AA37500641D5D /* Main.storyboard */,
				77BD82811B9AA37500641D5D /* Assets.xcassets */,
				77BD82831B9AA37500641D5D /* LaunchScreen.storyboard */,
				77BD82861B9AA37500641D5D /* Info.plist */,
			);
			path = test;
			sourceTree = "<group>";
		};
/* End PBXGroup section */

/* Begin PBXNativeTarget section */
		77BD82761B9AA37500641D5D /* test */ = {
			isa = PBXNativeTarget;
			buildConfigurationList = 77BD82891B9AA37500641D5D /* Build configuration list for PBXNativeTarget "test" */;
			buildPhases = (
				77BD82731B9AA37500641D5D /* Sources */,
				77BD82741B9AA37500641D5D /* Frameworks */,
				77BD82751B9AA37500641D5D /* Resources */,
			);
			buildRules = (
			);
			dependencies = (
			);
			name = test;
			productName = test;
			productReference = 77BD82771B9AA37500641D5D /* test.app */;
			productType = "com.apple.product-type.application";
		};
/* End PBXNativeTarget section */

/* Begin PBXProject section */
		77BD826F1B9AA37500641D5D /* Project object */ = {
			isa = PBXProject;
			attributes = {
				LastUpgradeCheck = 0700;
				ORGANIZATIONNAME = "游义男";
				TargetAttributes = {
					77BD82761B9AA37500641D5D = {
						CreatedOnToolsVersion = 7.0;
					};
				};
			};
			buildConfigurationList = 77BD82721B9AA37500641D5D /* Build configuration list for PBXProject "test" */;
			compatibilityVersion = "Xcode 3.2";
			developmentRegion = English;
			hasScannedForEncodings = 0;
			knownRegions = (
				en,
				Base,
			);
			mainGroup = 77BD826E1B9AA37500641D5D;
			productRefGroup = 77BD82781B9AA37500641D5D /* Products */;
			projectDirPath = "";
			projectRoot = "";
			targets = (
				77BD82761B9AA37500641D5D /* test */,
			);
		};
/* End PBXProject section */

/* Begin PBXResourcesBuildPhase section */
		77BD82751B9AA37500641D5D /* Resources */ = {
			isa = PBXResourcesBuildPhase;
			buildActionMask = 2147483647;
			files = (
				77BD82851B9AA37500641D5D /* LaunchScreen.storyboard in Resources */,
				77BD82821B9AA37500641D5D /* Assets.xcassets in Resources */,
				77BD82801B9AA37500641D5D /* Main.storyboard in Resources */,
			);
			runOnlyForDeploymentPostprocessing = 0;
		};
/* End PBXResourcesBuildPhase section */

/* Begin PBXSourcesBuildPhase section */
		77BD82731B9AA37500641D5D /* Sources */ = {
			isa = PBXSourcesBuildPhase;
			buildActionMask = 2147483647;
			files = (
				77BD827D1B9AA37500641D5D /* ViewController.swift in Sources */,
				77BD827B1B9AA37500641D5D /* AppDelegate.swift in Sources */,
				77F166211B9AB37F00365ED0 /* GCDTest.swift in Sources */,
			);
			runOnlyForDeploymentPostprocessing = 0;
		};
/* End PBXSourcesBuildPhase section */

/* Begin PBXVariantGroup section */
		77BD827E1B9AA37500641D5D /* Main.storyboard */ = {
			isa = PBXVariantGroup;
			children = (
				77BD827F1B9AA37500641D5D /* Base */,
			);
			name = Main.storyboard;
			sourceTree = "<group>";
		};
		77BD82831B9AA37500641D5D /* LaunchScreen.storyboard */ = {
			isa = PBXVariantGroup;
			children = (
				77BD82841B9AA37500641D5D /* Base */,
			);
			name = LaunchScreen.storyboard;
			sourceTree = "<group>";
		};
/* End PBXVariantGroup section */

/* Begin XCBuildConfiguration section */
		77BD82871B9AA37500641D5D /* Debug */ = {
			isa = XCBuildConfiguration;
			buildSettings = {
				ALWAYS_SEARCH_USER_PATHS = NO;
				CLANG_CXX_LANGUAGE_STANDARD = "gnu++0x";
				CLANG_CXX_LIBRARY = "libc++";
				CLANG_ENABLE_MODULES = YES;
				CLANG_ENABLE_OBJC_ARC = YES;
				CLANG_WARN_BOOL_CONVERSION = YES;
				CLANG_WARN_CONSTANT_CONVERSION = YES;
				CLANG_WARN_DIRECT_OBJC_ISA_USAGE = YES_ERROR;
				CLANG_WARN_EMPTY_BODY = YES;
				CLANG_WARN_ENUM_CONVERSION = YES;
				CLANG_WARN_INT_CONVERSION = YES;
				CLANG_WARN_OBJC_ROOT_CLASS = YES_ERROR;
				CLANG_WARN_UNREACHABLE_CODE = YES;
				CLANG_WARN__DUPLICATE_METHOD_MATCH = YES;
				"CODE_SIGN_IDENTITY[sdk=iphoneos*]" = "iPhone Developer";
				COPY_PHASE_STRIP = NO;
				DEBUG_INFORMATION_FORMAT = dwarf;
				ENABLE_STRICT_OBJC_MSGSEND = YES;
				ENABLE_TESTABILITY = YES;
				GCC_C_LANGUAGE_STANDARD = gnu99;
				GCC_DYNAMIC_NO_PIC = NO;
				GCC_NO_COMMON_BLOCKS = YES;
				GCC_OPTIMIZATION_LEVEL = 0;
				GCC_PREPROCESSOR_DEFINITIONS = (
					"DEBUG=1",
					"$(inherited)",
				);
				GCC_WARN_64_TO_32_BIT_CONVERSION = YES;
				GCC_WARN_ABOUT_RETURN_TYPE = YES_ERROR;
				GCC_WARN_UNDECLARED_SELECTOR = YES;
				GCC_WARN_UNINITIALIZED_AUTOS = YES_AGGRESSIVE;
				GCC_WARN_UNUSED_FUNCTION = YES;
				GCC_WARN_UNUSED_VARIABLE = YES;
				IPHONEOS_DEPLOYMENT_TARGET = 9.0;
				MTL_ENABLE_DEBUG_INFO = YES;
				ONLY_ACTIVE_ARCH = YES;
				SDKROOT = iphoneos;
				SWIFT_OPTIMIZATION_LEVEL = "-Onone";
			};
			name = Debug;
		};
		77BD82881B9AA37500641D5D /* Release */ = {
			isa = XCBuildConfiguration;
			buildSettings = {
				ALWAYS_SEARCH_USER_PATHS = NO;
				CLANG_CXX_LANGUAGE_STANDARD = "gnu++0x";
				CLANG_CXX_LIBRARY = "libc++";
				CLANG_ENABLE_MODULES = YES;
				CLANG_ENABLE_OBJC_ARC = YES;
				CLANG_WARN_BOOL_CONVERSION = YES;
				CLANG_WARN_CONSTANT_CONVERSION = YES;
				CLANG_WARN_DIRECT_OBJC_ISA_USAGE = YES_ERROR;
				CLANG_WARN_EMPTY_BODY = YES;
				CLANG_WARN_ENUM_CONVERSION = YES;
				CLANG_WARN_INT_CONVERSION = YES;
				CLANG_WARN_OBJC_ROOT_CLASS = YES_ERROR;
				CLANG_WARN_UNREACHABLE_CODE = YES;
				CLANG_WARN__DUPLICATE_METHOD_MATCH = YES;
				"CODE_SIGN_IDENTITY[sdk=iphoneos*]" = "iPhone Developer";
				COPY_PHASE_STRIP = NO;
				DEBUG_INFORMATION_FORMAT = "dwarf-with-dsym";
				ENABLE_NS_ASSERTIONS = NO;
				ENABLE_STRICT_OBJC_MSGSEND = YES;
				GCC_C_LANGUAGE_STANDARD = gnu99;
				GCC_NO_COMMON_BLOCKS = YES;
				GCC_WARN_64_TO_32_BIT_CONVERSION = YES;
				GCC_WARN_ABOUT_RETURN_TYPE = YES_ERROR;
				GCC_WARN_UNDECLARED_SELECTOR = YES;
				GCC_WARN_UNINITIALIZED_AUTOS = YES_AGGRESSIVE;
				GCC_WARN_UNUSED_FUNCTION = YES;
				GCC_WARN_UNUSED_VARIABLE = YES;
				IPHONEOS_DEPLOYMENT_TARGET = 9.0;
				MTL_ENABLE_DEBUG_INFO = NO;
				SDKROOT = iphoneos;
				VALIDATE_PRODUCT = YES;
			};
			name = Release;
		};
		77BD828A1B9AA37500641D5D /* Debug */ = {
			isa = XCBuildConfiguration;
			buildSettings = {
				ASSETCATALOG_COMPILER_APPICON_NAME = AppIcon;
				INFOPLIST_FILE = test/Info.plist;
				LD_RUNPATH_SEARCH_PATHS = "$(inherited) @executable_path/Frameworks";
				PRODUCT_BUNDLE_IDENTIFIER = Yyn835314557.test;
				PRODUCT_NAME = "$(TARGET_NAME)";
			};
			name = Debug;
		};
		77BD828B1B9AA37500641D5D /* Release */ = {
			isa = XCBuildConfiguration;
			buildSettings = {
				ASSETCATALOG_COMPILER_APPICON_NAME = AppIcon;
				INFOPLIST_FILE = test/Info.plist;
				LD_RUNPATH_SEARCH_PATHS = "$(inherited) @executable_path/Frameworks";
				PRODUCT_BUNDLE_IDENTIFIER = Yyn835314557.test;
				PRODUCT_NAME = "$(TARGET_NAME)";
			};
			name = Release;
		};
/* End XCBuildConfiguration section */

/* Begin XCConfigurationList section */
		77BD82721B9AA37500641D5D /* Build configuration list for PBXProject "test" */ = {
			isa = XCConfigurationList;
			buildConfigurations = (
				77BD82871B9AA37500641D5D /* Debug */,
				77BD82881B9AA37500641D5D /* Release */,
			);
			defaultConfigurationIsVisible = 0;
			defaultConfigurationName = Release;
		};
		77BD82891B9AA37500641D5D /* Build configuration list for PBXNativeTarget "test" */ = {
			isa = XCConfigurationList;
			buildConfigurations = (
				77BD828A1B9AA37500641D5D /* Debug */,
				77BD828B1B9AA37500641D5D /* Release */,
			);
			defaultConfigurationIsVisible = 0;
			defaultConfigurationName = Release;
		};
/* End XCConfigurationList section */
	};
	rootObject = 77BD826F1B9AA37500641D5D /* Project object */;
}
