// !$*UTF8*$!
{
	archiveVersion = 1;
	classes = {
	};
	objectVersion = 46;
	objects = {

/* Begin PBXBuildFile section */
		7710B0401B58BFC300E25732 /* AppDelegate.swift in Sources */ = {isa = PBXBuildFile; fileRef = 7710B03F1B58BFC300E25732 /* AppDelegate.swift */; };
		7710B0421B58BFC300E25732 /* ViewController.swift in Sources */ = {isa = PBXBuildFile; fileRef = 7710B0411B58BFC300E25732 /* ViewController.swift */; };
		7710B0451B58BFC300E25732 /* Main.storyboard in Resources */ = {isa = PBXBuildFile; fileRef = 7710B0431B58BFC300E25732 /* Main.storyboard */; };
		7710B0471B58BFC300E25732 /* Images.xcassets in Resources */ = {isa = PBXBuildFile; fileRef = 7710B0461B58BFC300E25732 /* Images.xcassets */; };
		7710B04A1B58BFC300E25732 /* LaunchScreen.xib in Resources */ = {isa = PBXBuildFile; fileRef = 7710B0481B58BFC300E25732 /* LaunchScreen.xib */; };
		7710B0561B58BFC300E25732 /* QuestionsTests.swift in Sources */ = {isa = PBXBuildFile; fileRef = 7710B0551B58BFC300E25732 /* QuestionsTests.swift */; };
		7710B0601B58BFDF00E25732 /* questions.xml in Resources */ = {isa = PBXBuildFile; fileRef = 7710B05F1B58BFDF00E25732 /* questions.xml */; };
		7710B0621B58C53D00E25732 /* Question.swift in Sources */ = {isa = PBXBuildFile; fileRef = 7710B0611B58C53D00E25732 /* Question.swift */; };
/* End PBXBuildFile section */

/* Begin PBXContainerItemProxy section */
		7710B0501B58BFC300E25732 /* PBXContainerItemProxy */ = {
			isa = PBXContainerItemProxy;
			containerPortal = 7710B0321B58BFC300E25732 /* Project object */;
			proxyType = 1;
			remoteGlobalIDString = 7710B0391B58BFC300E25732;
			remoteInfo = Questions;
		};
/* End PBXContainerItemProxy section */

/* Begin PBXFileReference section */
		7710B03A1B58BFC300E25732 /* Questions.app */ = {isa = PBXFileReference; explicitFileType = wrapper.application; includeInIndex = 0; path = Questions.app; sourceTree = BUILT_PRODUCTS_DIR; };
		7710B03E1B58BFC300E25732 /* Info.plist */ = {isa = PBXFileReference; lastKnownFileType = text.plist.xml; path = Info.plist; sourceTree = "<group>"; };
		7710B03F1B58BFC300E25732 /* AppDelegate.swift */ = {isa = PBXFileReference; lastKnownFileType = sourcecode.swift; path = AppDelegate.swift; sourceTree = "<group>"; };
		7710B0411B58BFC300E25732 /* ViewController.swift */ = {isa = PBXFileReference; lastKnownFileType = sourcecode.swift; path = ViewController.swift; sourceTree = "<group>"; };
		7710B0441B58BFC300E25732 /* Base */ = {isa = PBXFileReference; lastKnownFileType = file.storyboard; name = Base; path = Base.lproj/Main.storyboard; sourceTree = "<group>"; };
		7710B0461B58BFC300E25732 /* Images.xcassets */ = {isa = PBXFileReference; lastKnownFileType = folder.assetcatalog; path = Images.xcassets; sourceTree = "<group>"; };
		7710B0491B58BFC300E25732 /* Base */ = {isa = PBXFileReference; lastKnownFileType = file.xib; name = Base; path = Base.lproj/LaunchScreen.xib; sourceTree = "<group>"; };
		7710B04F1B58BFC300E25732 /* QuestionsTests.xctest */ = {isa = PBXFileReference; explicitFileType = wrapper.cfbundle; includeInIndex = 0; path = QuestionsTests.xctest; sourceTree = BUILT_PRODUCTS_DIR; };
		7710B0541B58BFC300E25732 /* Info.plist */ = {isa = PBXFileReference; lastKnownFileType = text.plist.xml; path = Info.plist; sourceTree = "<group>"; };
		7710B0551B58BFC300E25732 /* QuestionsTests.swift */ = {isa = PBXFileReference; lastKnownFileType = sourcecode.swift; path = QuestionsTests.swift; sourceTree = "<group>"; };
		7710B05F1B58BFDF00E25732 /* questions.xml */ = {isa = PBXFileReference; fileEncoding = 4; lastKnownFileType = text.xml; path = questions.xml; sourceTree = "<group>"; };
		7710B0611B58C53D00E25732 /* Question.swift */ = {isa = PBXFileReference; fileEncoding = 4; lastKnownFileType = sourcecode.swift; path = Question.swift; sourceTree = "<group>"; };
/* End PBXFileReference section */

/* Begin PBXFrameworksBuildPhase section */
		7710B0371B58BFC300E25732 /* Frameworks */ = {
			isa = PBXFrameworksBuildPhase;
			buildActionMask = 2147483647;
			files = (
			);
			runOnlyForDeploymentPostprocessing = 0;
		};
		7710B04C1B58BFC300E25732 /* Frameworks */ = {
			isa = PBXFrameworksBuildPhase;
			buildActionMask = 2147483647;
			files = (
			);
			runOnlyForDeploymentPostprocessing = 0;
		};
/* End PBXFrameworksBuildPhase section */

/* Begin PBXGroup section */
		7710B0311B58BFC300E25732 = {
			isa = PBXGroup;
			children = (
				7710B03C1B58BFC300E25732 /* Questions */,
				7710B0521B58BFC300E25732 /* QuestionsTests */,
				7710B03B1B58BFC300E25732 /* Products */,
			);
			sourceTree = "<group>";
		};
		7710B03B1B58BFC300E25732 /* Products */ = {
			isa = PBXGroup;
			children = (
				7710B03A1B58BFC300E25732 /* Questions.app */,
				7710B04F1B58BFC300E25732 /* QuestionsTests.xctest */,
			);
			name = Products;
			sourceTree = "<group>";
		};
		7710B03C1B58BFC300E25732 /* Questions */ = {
			isa = PBXGroup;
			children = (
				7710B03F1B58BFC300E25732 /* AppDelegate.swift */,
				7710B0411B58BFC300E25732 /* ViewController.swift */,
				7710B0431B58BFC300E25732 /* Main.storyboard */,
				7710B0461B58BFC300E25732 /* Images.xcassets */,
				7710B0481B58BFC300E25732 /* LaunchScreen.xib */,
				7710B03D1B58BFC300E25732 /* Supporting Files */,
				7710B0611B58C53D00E25732 /* Question.swift */,
			);
			path = Questions;
			sourceTree = "<group>";
		};
		7710B03D1B58BFC300E25732 /* Supporting Files */ = {
			isa = PBXGroup;
			children = (
				7710B03E1B58BFC300E25732 /* Info.plist */,
				7710B05F1B58BFDF00E25732 /* questions.xml */,
			);
			name = "Supporting Files";
			sourceTree = "<group>";
		};
		7710B0521B58BFC300E25732 /* QuestionsTests */ = {
			isa = PBXGroup;
			children = (
				7710B0551B58BFC300E25732 /* QuestionsTests.swift */,
				7710B0531B58BFC300E25732 /* Supporting Files */,
			);
			path = QuestionsTests;
			sourceTree = "<group>";
		};
		7710B0531B58BFC300E25732 /* Supporting Files */ = {
			isa = PBXGroup;
			children = (
				7710B0541B58BFC300E25732 /* Info.plist */,
			);
			name = "Supporting Files";
			sourceTree = "<group>";
		};
/* End PBXGroup section */

/* Begin PBXNativeTarget section */
		7710B0391B58BFC300E25732 /* Questions */ = {
			isa = PBXNativeTarget;
			buildConfigurationList = 7710B0591B58BFC300E25732 /* Build configuration list for PBXNativeTarget "Questions" */;
			buildPhases = (
				7710B0361B58BFC300E25732 /* Sources */,
				7710B0371B58BFC300E25732 /* Frameworks */,
				7710B0381B58BFC300E25732 /* Resources */,
			);
			buildRules = (
			);
			dependencies = (
			);
			name = Questions;
			productName = Questions;
			productReference = 7710B03A1B58BFC300E25732 /* Questions.app */;
			productType = "com.apple.product-type.application";
		};
		7710B04E1B58BFC300E25732 /* QuestionsTests */ = {
			isa = PBXNativeTarget;
			buildConfigurationList = 7710B05C1B58BFC300E25732 /* Build configuration list for PBXNativeTarget "QuestionsTests" */;
			buildPhases = (
				7710B04B1B58BFC300E25732 /* Sources */,
				7710B04C1B58BFC300E25732 /* Frameworks */,
				7710B04D1B58BFC300E25732 /* Resources */,
			);
			buildRules = (
			);
			dependencies = (
				7710B0511B58BFC300E25732 /* PBXTargetDependency */,
			);
			name = QuestionsTests;
			productName = QuestionsTests;
			productReference = 7710B04F1B58BFC300E25732 /* QuestionsTests.xctest */;
			productType = "com.apple.product-type.bundle.unit-test";
		};
/* End PBXNativeTarget section */

/* Begin PBXProject section */
		7710B0321B58BFC300E25732 /* Project object */ = {
			isa = PBXProject;
			attributes = {
				LastUpgradeCheck = 0630;
				ORGANIZATIONNAME = "游义男";
				TargetAttributes = {
					7710B0391B58BFC300E25732 = {
						CreatedOnToolsVersion = 6.3.2;
					};
					7710B04E1B58BFC300E25732 = {
						CreatedOnToolsVersion = 6.3.2;
						TestTargetID = 7710B0391B58BFC300E25732;
					};
				};
			};
			buildConfigurationList = 7710B0351B58BFC300E25732 /* Build configuration list for PBXProject "Questions" */;
			compatibilityVersion = "Xcode 3.2";
			developmentRegion = English;
			hasScannedForEncodings = 0;
			knownRegions = (
				en,
				Base,
			);
			mainGroup = 7710B0311B58BFC300E25732;
			productRefGroup = 7710B03B1B58BFC300E25732 /* Products */;
			projectDirPath = "";
			projectRoot = "";
			targets = (
				7710B0391B58BFC300E25732 /* Questions */,
				7710B04E1B58BFC300E25732 /* QuestionsTests */,
			);
		};
/* End PBXProject section */

/* Begin PBXResourcesBuildPhase section */
		7710B0381B58BFC300E25732 /* Resources */ = {
			isa = PBXResourcesBuildPhase;
			buildActionMask = 2147483647;
			files = (
				7710B0451B58BFC300E25732 /* Main.storyboard in Resources */,
				7710B04A1B58BFC300E25732 /* LaunchScreen.xib in Resources */,
				7710B0471B58BFC300E25732 /* Images.xcassets in Resources */,
				7710B0601B58BFDF00E25732 /* questions.xml in Resources */,
			);
			runOnlyForDeploymentPostprocessing = 0;
		};
		7710B04D1B58BFC300E25732 /* Resources */ = {
			isa = PBXResourcesBuildPhase;
			buildActionMask = 2147483647;
			files = (
			);
			runOnlyForDeploymentPostprocessing = 0;
		};
/* End PBXResourcesBuildPhase section */

/* Begin PBXSourcesBuildPhase section */
		7710B0361B58BFC300E25732 /* Sources */ = {
			isa = PBXSourcesBuildPhase;
			buildActionMask = 2147483647;
			files = (
				7710B0621B58C53D00E25732 /* Question.swift in Sources */,
				7710B0421B58BFC300E25732 /* ViewController.swift in Sources */,
				7710B0401B58BFC300E25732 /* AppDelegate.swift in Sources */,
			);
			runOnlyForDeploymentPostprocessing = 0;
		};
		7710B04B1B58BFC300E25732 /* Sources */ = {
			isa = PBXSourcesBuildPhase;
			buildActionMask = 2147483647;
			files = (
				7710B0561B58BFC300E25732 /* QuestionsTests.swift in Sources */,
			);
			runOnlyForDeploymentPostprocessing = 0;
		};
/* End PBXSourcesBuildPhase section */

/* Begin PBXTargetDependency section */
		7710B0511B58BFC300E25732 /* PBXTargetDependency */ = {
			isa = PBXTargetDependency;
			target = 7710B0391B58BFC300E25732 /* Questions */;
			targetProxy = 7710B0501B58BFC300E25732 /* PBXContainerItemProxy */;
		};
/* End PBXTargetDependency section */

/* Begin PBXVariantGroup section */
		7710B0431B58BFC300E25732 /* Main.storyboard */ = {
			isa = PBXVariantGroup;
			children = (
				7710B0441B58BFC300E25732 /* Base */,
			);
			name = Main.storyboard;
			sourceTree = "<group>";
		};
		7710B0481B58BFC300E25732 /* LaunchScreen.xib */ = {
			isa = PBXVariantGroup;
			children = (
				7710B0491B58BFC300E25732 /* Base */,
			);
			name = LaunchScreen.xib;
			sourceTree = "<group>";
		};
/* End PBXVariantGroup section */

/* Begin XCBuildConfiguration section */
		7710B0571B58BFC300E25732 /* Debug */ = {
			isa = XCBuildConfiguration;
			buildSettings = {
				ALWAYS_SEARCH_USER_PATHS = NO;
				CLANG_CXX_LANGUAGE_STANDARD = "gnu++0x";
				CLANG_CXX_LIBRARY = "libc++";
				CLANG_ENABLE_MODULES = YES;
				CLANG_ENABLE_OBJC_ARC = YES;
				CLANG_WARN_BOOL_CONVERSION = YES;
				CLANG_WARN_CONSTANT_CONVERSION = YES;
				CLANG_WARN_DIRECT_OBJC_ISA_USAGE = YES_ERROR;
				CLANG_WARN_EMPTY_BODY = YES;
				CLANG_WARN_ENUM_CONVERSION = YES;
				CLANG_WARN_INT_CONVERSION = YES;
				CLANG_WARN_OBJC_ROOT_CLASS = YES_ERROR;
				CLANG_WARN_UNREACHABLE_CODE = YES;
				CLANG_WARN__DUPLICATE_METHOD_MATCH = YES;
				"CODE_SIGN_IDENTITY[sdk=iphoneos*]" = "iPhone Developer";
				COPY_PHASE_STRIP = NO;
				DEBUG_INFORMATION_FORMAT = "dwarf-with-dsym";
				ENABLE_STRICT_OBJC_MSGSEND = YES;
				GCC_C_LANGUAGE_STANDARD = gnu99;
				GCC_DYNAMIC_NO_PIC = NO;
				GCC_NO_COMMON_BLOCKS = YES;
				GCC_OPTIMIZATION_LEVEL = 0;
				GCC_PREPROCESSOR_DEFINITIONS = (
					"DEBUG=1",
					"$(inherited)",
				);
				GCC_SYMBOLS_PRIVATE_EXTERN = NO;
				GCC_WARN_64_TO_32_BIT_CONVERSION = YES;
				GCC_WARN_ABOUT_RETURN_TYPE = YES_ERROR;
				GCC_WARN_UNDECLARED_SELECTOR = YES;
				GCC_WARN_UNINITIALIZED_AUTOS = YES_AGGRESSIVE;
				GCC_WARN_UNUSED_FUNCTION = YES;
				GCC_WARN_UNUSED_VARIABLE = YES;
				IPHONEOS_DEPLOYMENT_TARGET = 8.3;
				MTL_ENABLE_DEBUG_INFO = YES;
				ONLY_ACTIVE_ARCH = YES;
				SDKROOT = iphoneos;
				SWIFT_OPTIMIZATION_LEVEL = "-Onone";
			};
			name = Debug;
		};
		7710B0581B58BFC300E25732 /* Release */ = {
			isa = XCBuildConfiguration;
			buildSettings = {
				ALWAYS_SEARCH_USER_PATHS = NO;
				CLANG_CXX_LANGUAGE_STANDARD = "gnu++0x";
				CLANG_CXX_LIBRARY = "libc++";
				CLANG_ENABLE_MODULES = YES;
				CLANG_ENABLE_OBJC_ARC = YES;
				CLANG_WARN_BOOL_CONVERSION = YES;
				CLANG_WARN_CONSTANT_CONVERSION = YES;
				CLANG_WARN_DIRECT_OBJC_ISA_USAGE = YES_ERROR;
				CLANG_WARN_EMPTY_BODY = YES;
				CLANG_WARN_ENUM_CONVERSION = YES;
				CLANG_WARN_INT_CONVERSION = YES;
				CLANG_WARN_OBJC_ROOT_CLASS = YES_ERROR;
				CLANG_WARN_UNREACHABLE_CODE = YES;
				CLANG_WARN__DUPLICATE_METHOD_MATCH = YES;
				"CODE_SIGN_IDENTITY[sdk=iphoneos*]" = "iPhone Developer";
				COPY_PHASE_STRIP = NO;
				DEBUG_INFORMATION_FORMAT = "dwarf-with-dsym";
				ENABLE_NS_ASSERTIONS = NO;
				ENABLE_STRICT_OBJC_MSGSEND = YES;
				GCC_C_LANGUAGE_STANDARD = gnu99;
				GCC_NO_COMMON_BLOCKS = YES;
				GCC_WARN_64_TO_32_BIT_CONVERSION = YES;
				GCC_WARN_ABOUT_RETURN_TYPE = YES_ERROR;
				GCC_WARN_UNDECLARED_SELECTOR = YES;
				GCC_WARN_UNINITIALIZED_AUTOS = YES_AGGRESSIVE;
				GCC_WARN_UNUSED_FUNCTION = YES;
				GCC_WARN_UNUSED_VARIABLE = YES;
				IPHONEOS_DEPLOYMENT_TARGET = 8.3;
				MTL_ENABLE_DEBUG_INFO = NO;
				SDKROOT = iphoneos;
				VALIDATE_PRODUCT = YES;
			};
			name = Release;
		};
		7710B05A1B58BFC300E25732 /* Debug */ = {
			isa = XCBuildConfiguration;
			buildSettings = {
				ASSETCATALOG_COMPILER_APPICON_NAME = AppIcon;
				INFOPLIST_FILE = Questions/Info.plist;
				LD_RUNPATH_SEARCH_PATHS = "$(inherited) @executable_path/Frameworks";
				PRODUCT_NAME = "$(TARGET_NAME)";
			};
			name = Debug;
		};
		7710B05B1B58BFC300E25732 /* Release */ = {
			isa = XCBuildConfiguration;
			buildSettings = {
				ASSETCATALOG_COMPILER_APPICON_NAME = AppIcon;
				INFOPLIST_FILE = Questions/Info.plist;
				LD_RUNPATH_SEARCH_PATHS = "$(inherited) @executable_path/Frameworks";
				PRODUCT_NAME = "$(TARGET_NAME)";
			};
			name = Release;
		};
		7710B05D1B58BFC300E25732 /* Debug */ = {
			isa = XCBuildConfiguration;
			buildSettings = {
				BUNDLE_LOADER = "$(TEST_HOST)";
				FRAMEWORK_SEARCH_PATHS = (
					"$(SDKROOT)/Developer/Library/Frameworks",
					"$(inherited)",
				);
				GCC_PREPROCESSOR_DEFINITIONS = (
					"DEBUG=1",
					"$(inherited)",
				);
				INFOPLIST_FILE = QuestionsTests/Info.plist;
				LD_RUNPATH_SEARCH_PATHS = "$(inherited) @executable_path/Frameworks @loader_path/Frameworks";
				PRODUCT_NAME = "$(TARGET_NAME)";
				TEST_HOST = "$(BUILT_PRODUCTS_DIR)/Questions.app/Questions";
			};
			name = Debug;
		};
		7710B05E1B58BFC300E25732 /* Release */ = {
			isa = XCBuildConfiguration;
			buildSettings = {
				BUNDLE_LOADER = "$(TEST_HOST)";
				FRAMEWORK_SEARCH_PATHS = (
					"$(SDKROOT)/Developer/Library/Frameworks",
					"$(inherited)",
				);
				INFOPLIST_FILE = QuestionsTests/Info.plist;
				LD_RUNPATH_SEARCH_PATHS = "$(inherited) @executable_path/Frameworks @loader_path/Frameworks";
				PRODUCT_NAME = "$(TARGET_NAME)";
				TEST_HOST = "$(BUILT_PRODUCTS_DIR)/Questions.app/Questions";
			};
			name = Release;
		};
/* End XCBuildConfiguration section */

/* Begin XCConfigurationList section */
		7710B0351B58BFC300E25732 /* Build configuration list for PBXProject "Questions" */ = {
			isa = XCConfigurationList;
			buildConfigurations = (
				7710B0571B58BFC300E25732 /* Debug */,
				7710B0581B58BFC300E25732 /* Release */,
			);
			defaultConfigurationIsVisible = 0;
			defaultConfigurationName = Release;
		};
		7710B0591B58BFC300E25732 /* Build configuration list for PBXNativeTarget "Questions" */ = {
			isa = XCConfigurationList;
			buildConfigurations = (
				7710B05A1B58BFC300E25732 /* Debug */,
				7710B05B1B58BFC300E25732 /* Release */,
			);
			defaultConfigurationIsVisible = 0;
		};
		7710B05C1B58BFC300E25732 /* Build configuration list for PBXNativeTarget "QuestionsTests" */ = {
			isa = XCConfigurationList;
			buildConfigurations = (
				7710B05D1B58BFC300E25732 /* Debug */,
				7710B05E1B58BFC300E25732 /* Release */,
			);
			defaultConfigurationIsVisible = 0;
		};
/* End XCConfigurationList section */
	};
	rootObject = 7710B0321B58BFC300E25732 /* Project object */;
}
