// !$*UTF8*$!
{
	archiveVersion = 1;
	classes = {
	};
	objectVersion = 46;
	objects = {

/* Begin PBXBuildFile section */
		77D029671B7AD56B00E6923A /* AppDelegate.swift in Sources */ = {isa = PBXBuildFile; fileRef = 77D029661B7AD56B00E6923A /* AppDelegate.swift */; };
		77D029691B7AD56B00E6923A /* ViewController.swift in Sources */ = {isa = PBXBuildFile; fileRef = 77D029681B7AD56B00E6923A /* ViewController.swift */; };
		77D0296C1B7AD56B00E6923A /* Main.storyboard in Resources */ = {isa = PBXBuildFile; fileRef = 77D0296A1B7AD56B00E6923A /* Main.storyboard */; };
		77D0296E1B7AD56B00E6923A /* Images.xcassets in Resources */ = {isa = PBXBuildFile; fileRef = 77D0296D1B7AD56B00E6923A /* Images.xcassets */; };
		77D029711B7AD56B00E6923A /* LaunchScreen.xib in Resources */ = {isa = PBXBuildFile; fileRef = 77D0296F1B7AD56B00E6923A /* LaunchScreen.xib */; };
		77D0297D1B7AD56B00E6923A /* UIStepperDemoTests.swift in Sources */ = {isa = PBXBuildFile; fileRef = 77D0297C1B7AD56B00E6923A /* UIStepperDemoTests.swift */; };
/* End PBXBuildFile section */

/* Begin PBXContainerItemProxy section */
		77D029771B7AD56B00E6923A /* PBXContainerItemProxy */ = {
			isa = PBXContainerItemProxy;
			containerPortal = 77D029591B7AD56A00E6923A /* Project object */;
			proxyType = 1;
			remoteGlobalIDString = 77D029601B7AD56B00E6923A;
			remoteInfo = UIStepperDemo;
		};
/* End PBXContainerItemProxy section */

/* Begin PBXFileReference section */
		77D029611B7AD56B00E6923A /* UIStepperDemo.app */ = {isa = PBXFileReference; explicitFileType = wrapper.application; includeInIndex = 0; path = UIStepperDemo.app; sourceTree = BUILT_PRODUCTS_DIR; };
		77D029651B7AD56B00E6923A /* Info.plist */ = {isa = PBXFileReference; lastKnownFileType = text.plist.xml; path = Info.plist; sourceTree = "<group>"; };
		77D029661B7AD56B00E6923A /* AppDelegate.swift */ = {isa = PBXFileReference; lastKnownFileType = sourcecode.swift; path = AppDelegate.swift; sourceTree = "<group>"; };
		77D029681B7AD56B00E6923A /* ViewController.swift */ = {isa = PBXFileReference; lastKnownFileType = sourcecode.swift; path = ViewController.swift; sourceTree = "<group>"; };
		77D0296B1B7AD56B00E6923A /* Base */ = {isa = PBXFileReference; lastKnownFileType = file.storyboard; name = Base; path = Base.lproj/Main.storyboard; sourceTree = "<group>"; };
		77D0296D1B7AD56B00E6923A /* Images.xcassets */ = {isa = PBXFileReference; lastKnownFileType = folder.assetcatalog; path = Images.xcassets; sourceTree = "<group>"; };
		77D029701B7AD56B00E6923A /* Base */ = {isa = PBXFileReference; lastKnownFileType = file.xib; name = Base; path = Base.lproj/LaunchScreen.xib; sourceTree = "<group>"; };
		77D029761B7AD56B00E6923A /* UIStepperDemoTests.xctest */ = {isa = PBXFileReference; explicitFileType = wrapper.cfbundle; includeInIndex = 0; path = UIStepperDemoTests.xctest; sourceTree = BUILT_PRODUCTS_DIR; };
		77D0297B1B7AD56B00E6923A /* Info.plist */ = {isa = PBXFileReference; lastKnownFileType = text.plist.xml; path = Info.plist; sourceTree = "<group>"; };
		77D0297C1B7AD56B00E6923A /* UIStepperDemoTests.swift */ = {isa = PBXFileReference; lastKnownFileType = sourcecode.swift; path = UIStepperDemoTests.swift; sourceTree = "<group>"; };
/* End PBXFileReference section */

/* Begin PBXFrameworksBuildPhase section */
		77D0295E1B7AD56B00E6923A /* Frameworks */ = {
			isa = PBXFrameworksBuildPhase;
			buildActionMask = 2147483647;
			files = (
			);
			runOnlyForDeploymentPostprocessing = 0;
		};
		77D029731B7AD56B00E6923A /* Frameworks */ = {
			isa = PBXFrameworksBuildPhase;
			buildActionMask = 2147483647;
			files = (
			);
			runOnlyForDeploymentPostprocessing = 0;
		};
/* End PBXFrameworksBuildPhase section */

/* Begin PBXGroup section */
		77D029581B7AD56A00E6923A = {
			isa = PBXGroup;
			children = (
				77D029631B7AD56B00E6923A /* UIStepperDemo */,
				77D029791B7AD56B00E6923A /* UIStepperDemoTests */,
				77D029621B7AD56B00E6923A /* Products */,
			);
			sourceTree = "<group>";
		};
		77D029621B7AD56B00E6923A /* Products */ = {
			isa = PBXGroup;
			children = (
				77D029611B7AD56B00E6923A /* UIStepperDemo.app */,
				77D029761B7AD56B00E6923A /* UIStepperDemoTests.xctest */,
			);
			name = Products;
			sourceTree = "<group>";
		};
		77D029631B7AD56B00E6923A /* UIStepperDemo */ = {
			isa = PBXGroup;
			children = (
				77D029661B7AD56B00E6923A /* AppDelegate.swift */,
				77D029681B7AD56B00E6923A /* ViewController.swift */,
				77D0296A1B7AD56B00E6923A /* Main.storyboard */,
				77D0296D1B7AD56B00E6923A /* Images.xcassets */,
				77D0296F1B7AD56B00E6923A /* LaunchScreen.xib */,
				77D029641B7AD56B00E6923A /* Supporting Files */,
			);
			path = UIStepperDemo;
			sourceTree = "<group>";
		};
		77D029641B7AD56B00E6923A /* Supporting Files */ = {
			isa = PBXGroup;
			children = (
				77D029651B7AD56B00E6923A /* Info.plist */,
			);
			name = "Supporting Files";
			sourceTree = "<group>";
		};
		77D029791B7AD56B00E6923A /* UIStepperDemoTests */ = {
			isa = PBXGroup;
			children = (
				77D0297C1B7AD56B00E6923A /* UIStepperDemoTests.swift */,
				77D0297A1B7AD56B00E6923A /* Supporting Files */,
			);
			path = UIStepperDemoTests;
			sourceTree = "<group>";
		};
		77D0297A1B7AD56B00E6923A /* Supporting Files */ = {
			isa = PBXGroup;
			children = (
				77D0297B1B7AD56B00E6923A /* Info.plist */,
			);
			name = "Supporting Files";
			sourceTree = "<group>";
		};
/* End PBXGroup section */

/* Begin PBXNativeTarget section */
		77D029601B7AD56B00E6923A /* UIStepperDemo */ = {
			isa = PBXNativeTarget;
			buildConfigurationList = 77D029801B7AD56B00E6923A /* Build configuration list for PBXNativeTarget "UIStepperDemo" */;
			buildPhases = (
				77D0295D1B7AD56B00E6923A /* Sources */,
				77D0295E1B7AD56B00E6923A /* Frameworks */,
				77D0295F1B7AD56B00E6923A /* Resources */,
			);
			buildRules = (
			);
			dependencies = (
			);
			name = UIStepperDemo;
			productName = UIStepperDemo;
			productReference = 77D029611B7AD56B00E6923A /* UIStepperDemo.app */;
			productType = "com.apple.product-type.application";
		};
		77D029751B7AD56B00E6923A /* UIStepperDemoTests */ = {
			isa = PBXNativeTarget;
			buildConfigurationList = 77D029831B7AD56B00E6923A /* Build configuration list for PBXNativeTarget "UIStepperDemoTests" */;
			buildPhases = (
				77D029721B7AD56B00E6923A /* Sources */,
				77D029731B7AD56B00E6923A /* Frameworks */,
				77D029741B7AD56B00E6923A /* Resources */,
			);
			buildRules = (
			);
			dependencies = (
				77D029781B7AD56B00E6923A /* PBXTargetDependency */,
			);
			name = UIStepperDemoTests;
			productName = UIStepperDemoTests;
			productReference = 77D029761B7AD56B00E6923A /* UIStepperDemoTests.xctest */;
			productType = "com.apple.product-type.bundle.unit-test";
		};
/* End PBXNativeTarget section */

/* Begin PBXProject section */
		77D029591B7AD56A00E6923A /* Project object */ = {
			isa = PBXProject;
			attributes = {
				LastSwiftUpdateCheck = 0700;
				LastUpgradeCheck = 0630;
				ORGANIZATIONNAME = "游义男";
				TargetAttributes = {
					77D029601B7AD56B00E6923A = {
						CreatedOnToolsVersion = 6.3.2;
					};
					77D029751B7AD56B00E6923A = {
						CreatedOnToolsVersion = 6.3.2;
						TestTargetID = 77D029601B7AD56B00E6923A;
					};
				};
			};
			buildConfigurationList = 77D0295C1B7AD56A00E6923A /* Build configuration list for PBXProject "UIStepperDemo" */;
			compatibilityVersion = "Xcode 3.2";
			developmentRegion = English;
			hasScannedForEncodings = 0;
			knownRegions = (
				en,
				Base,
			);
			mainGroup = 77D029581B7AD56A00E6923A;
			productRefGroup = 77D029621B7AD56B00E6923A /* Products */;
			projectDirPath = "";
			projectRoot = "";
			targets = (
				77D029601B7AD56B00E6923A /* UIStepperDemo */,
				77D029751B7AD56B00E6923A /* UIStepperDemoTests */,
			);
		};
/* End PBXProject section */

/* Begin PBXResourcesBuildPhase section */
		77D0295F1B7AD56B00E6923A /* Resources */ = {
			isa = PBXResourcesBuildPhase;
			buildActionMask = 2147483647;
			files = (
				77D0296C1B7AD56B00E6923A /* Main.storyboard in Resources */,
				77D029711B7AD56B00E6923A /* LaunchScreen.xib in Resources */,
				77D0296E1B7AD56B00E6923A /* Images.xcassets in Resources */,
			);
			runOnlyForDeploymentPostprocessing = 0;
		};
		77D029741B7AD56B00E6923A /* Resources */ = {
			isa = PBXResourcesBuildPhase;
			buildActionMask = 2147483647;
			files = (
			);
			runOnlyForDeploymentPostprocessing = 0;
		};
/* End PBXResourcesBuildPhase section */

/* Begin PBXSourcesBuildPhase section */
		77D0295D1B7AD56B00E6923A /* Sources */ = {
			isa = PBXSourcesBuildPhase;
			buildActionMask = 2147483647;
			files = (
				77D029691B7AD56B00E6923A /* ViewController.swift in Sources */,
				77D029671B7AD56B00E6923A /* AppDelegate.swift in Sources */,
			);
			runOnlyForDeploymentPostprocessing = 0;
		};
		77D029721B7AD56B00E6923A /* Sources */ = {
			isa = PBXSourcesBuildPhase;
			buildActionMask = 2147483647;
			files = (
				77D0297D1B7AD56B00E6923A /* UIStepperDemoTests.swift in Sources */,
			);
			runOnlyForDeploymentPostprocessing = 0;
		};
/* End PBXSourcesBuildPhase section */

/* Begin PBXTargetDependency section */
		77D029781B7AD56B00E6923A /* PBXTargetDependency */ = {
			isa = PBXTargetDependency;
			target = 77D029601B7AD56B00E6923A /* UIStepperDemo */;
			targetProxy = 77D029771B7AD56B00E6923A /* PBXContainerItemProxy */;
		};
/* End PBXTargetDependency section */

/* Begin PBXVariantGroup section */
		77D0296A1B7AD56B00E6923A /* Main.storyboard */ = {
			isa = PBXVariantGroup;
			children = (
				77D0296B1B7AD56B00E6923A /* Base */,
			);
			name = Main.storyboard;
			sourceTree = "<group>";
		};
		77D0296F1B7AD56B00E6923A /* LaunchScreen.xib */ = {
			isa = PBXVariantGroup;
			children = (
				77D029701B7AD56B00E6923A /* Base */,
			);
			name = LaunchScreen.xib;
			sourceTree = "<group>";
		};
/* End PBXVariantGroup section */

/* Begin XCBuildConfiguration section */
		77D0297E1B7AD56B00E6923A /* Debug */ = {
			isa = XCBuildConfiguration;
			buildSettings = {
				ALWAYS_SEARCH_USER_PATHS = NO;
				CLANG_CXX_LANGUAGE_STANDARD = "gnu++0x";
				CLANG_CXX_LIBRARY = "libc++";
				CLANG_ENABLE_MODULES = YES;
				CLANG_ENABLE_OBJC_ARC = YES;
				CLANG_WARN_BOOL_CONVERSION = YES;
				CLANG_WARN_CONSTANT_CONVERSION = YES;
				CLANG_WARN_DIRECT_OBJC_ISA_USAGE = YES_ERROR;
				CLANG_WARN_EMPTY_BODY = YES;
				CLANG_WARN_ENUM_CONVERSION = YES;
				CLANG_WARN_INT_CONVERSION = YES;
				CLANG_WARN_OBJC_ROOT_CLASS = YES_ERROR;
				CLANG_WARN_UNREACHABLE_CODE = YES;
				CLANG_WARN__DUPLICATE_METHOD_MATCH = YES;
				"CODE_SIGN_IDENTITY[sdk=iphoneos*]" = "iPhone Developer";
				COPY_PHASE_STRIP = NO;
				DEBUG_INFORMATION_FORMAT = "dwarf-with-dsym";
				ENABLE_STRICT_OBJC_MSGSEND = YES;
				GCC_C_LANGUAGE_STANDARD = gnu99;
				GCC_DYNAMIC_NO_PIC = NO;
				GCC_NO_COMMON_BLOCKS = YES;
				GCC_OPTIMIZATION_LEVEL = 0;
				GCC_PREPROCESSOR_DEFINITIONS = (
					"DEBUG=1",
					"$(inherited)",
				);
				GCC_SYMBOLS_PRIVATE_EXTERN = NO;
				GCC_WARN_64_TO_32_BIT_CONVERSION = YES;
				GCC_WARN_ABOUT_RETURN_TYPE = YES_ERROR;
				GCC_WARN_UNDECLARED_SELECTOR = YES;
				GCC_WARN_UNINITIALIZED_AUTOS = YES_AGGRESSIVE;
				GCC_WARN_UNUSED_FUNCTION = YES;
				GCC_WARN_UNUSED_VARIABLE = YES;
				IPHONEOS_DEPLOYMENT_TARGET = 8.3;
				MTL_ENABLE_DEBUG_INFO = YES;
				ONLY_ACTIVE_ARCH = YES;
				SDKROOT = iphoneos;
				SWIFT_OPTIMIZATION_LEVEL = "-Onone";
			};
			name = Debug;
		};
		77D0297F1B7AD56B00E6923A /* Release */ = {
			isa = XCBuildConfiguration;
			buildSettings = {
				ALWAYS_SEARCH_USER_PATHS = NO;
				CLANG_CXX_LANGUAGE_STANDARD = "gnu++0x";
				CLANG_CXX_LIBRARY = "libc++";
				CLANG_ENABLE_MODULES = YES;
				CLANG_ENABLE_OBJC_ARC = YES;
				CLANG_WARN_BOOL_CONVERSION = YES;
				CLANG_WARN_CONSTANT_CONVERSION = YES;
				CLANG_WARN_DIRECT_OBJC_ISA_USAGE = YES_ERROR;
				CLANG_WARN_EMPTY_BODY = YES;
				CLANG_WARN_ENUM_CONVERSION = YES;
				CLANG_WARN_INT_CONVERSION = YES;
				CLANG_WARN_OBJC_ROOT_CLASS = YES_ERROR;
				CLANG_WARN_UNREACHABLE_CODE = YES;
				CLANG_WARN__DUPLICATE_METHOD_MATCH = YES;
				"CODE_SIGN_IDENTITY[sdk=iphoneos*]" = "iPhone Developer";
				COPY_PHASE_STRIP = NO;
				DEBUG_INFORMATION_FORMAT = "dwarf-with-dsym";
				ENABLE_NS_ASSERTIONS = NO;
				ENABLE_STRICT_OBJC_MSGSEND = YES;
				GCC_C_LANGUAGE_STANDARD = gnu99;
				GCC_NO_COMMON_BLOCKS = YES;
				GCC_WARN_64_TO_32_BIT_CONVERSION = YES;
				GCC_WARN_ABOUT_RETURN_TYPE = YES_ERROR;
				GCC_WARN_UNDECLARED_SELECTOR = YES;
				GCC_WARN_UNINITIALIZED_AUTOS = YES_AGGRESSIVE;
				GCC_WARN_UNUSED_FUNCTION = YES;
				GCC_WARN_UNUSED_VARIABLE = YES;
				IPHONEOS_DEPLOYMENT_TARGET = 8.3;
				MTL_ENABLE_DEBUG_INFO = NO;
				SDKROOT = iphoneos;
				VALIDATE_PRODUCT = YES;
			};
			name = Release;
		};
		77D029811B7AD56B00E6923A /* Debug */ = {
			isa = XCBuildConfiguration;
			buildSettings = {
				ASSETCATALOG_COMPILER_APPICON_NAME = AppIcon;
				INFOPLIST_FILE = UIStepperDemo/Info.plist;
				LD_RUNPATH_SEARCH_PATHS = "$(inherited) @executable_path/Frameworks";
				PRODUCT_NAME = "$(TARGET_NAME)";
			};
			name = Debug;
		};
		77D029821B7AD56B00E6923A /* Release */ = {
			isa = XCBuildConfiguration;
			buildSettings = {
				ASSETCATALOG_COMPILER_APPICON_NAME = AppIcon;
				INFOPLIST_FILE = UIStepperDemo/Info.plist;
				LD_RUNPATH_SEARCH_PATHS = "$(inherited) @executable_path/Frameworks";
				PRODUCT_NAME = "$(TARGET_NAME)";
			};
			name = Release;
		};
		77D029841B7AD56B00E6923A /* Debug */ = {
			isa = XCBuildConfiguration;
			buildSettings = {
				BUNDLE_LOADER = "$(TEST_HOST)";
				FRAMEWORK_SEARCH_PATHS = (
					"$(SDKROOT)/Developer/Library/Frameworks",
					"$(inherited)",
				);
				GCC_PREPROCESSOR_DEFINITIONS = (
					"DEBUG=1",
					"$(inherited)",
				);
				INFOPLIST_FILE = UIStepperDemoTests/Info.plist;
				LD_RUNPATH_SEARCH_PATHS = "$(inherited) @executable_path/Frameworks @loader_path/Frameworks";
				PRODUCT_NAME = "$(TARGET_NAME)";
				TEST_HOST = "$(BUILT_PRODUCTS_DIR)/UIStepperDemo.app/UIStepperDemo";
			};
			name = Debug;
		};
		77D029851B7AD56B00E6923A /* Release */ = {
			isa = XCBuildConfiguration;
			buildSettings = {
				BUNDLE_LOADER = "$(TEST_HOST)";
				FRAMEWORK_SEARCH_PATHS = (
					"$(SDKROOT)/Developer/Library/Frameworks",
					"$(inherited)",
				);
				INFOPLIST_FILE = UIStepperDemoTests/Info.plist;
				LD_RUNPATH_SEARCH_PATHS = "$(inherited) @executable_path/Frameworks @loader_path/Frameworks";
				PRODUCT_NAME = "$(TARGET_NAME)";
				TEST_HOST = "$(BUILT_PRODUCTS_DIR)/UIStepperDemo.app/UIStepperDemo";
			};
			name = Release;
		};
/* End XCBuildConfiguration section */

/* Begin XCConfigurationList section */
		77D0295C1B7AD56A00E6923A /* Build configuration list for PBXProject "UIStepperDemo" */ = {
			isa = XCConfigurationList;
			buildConfigurations = (
				77D0297E1B7AD56B00E6923A /* Debug */,
				77D0297F1B7AD56B00E6923A /* Release */,
			);
			defaultConfigurationIsVisible = 0;
			defaultConfigurationName = Release;
		};
		77D029801B7AD56B00E6923A /* Build configuration list for PBXNativeTarget "UIStepperDemo" */ = {
			isa = XCConfigurationList;
			buildConfigurations = (
				77D029811B7AD56B00E6923A /* Debug */,
				77D029821B7AD56B00E6923A /* Release */,
			);
			defaultConfigurationIsVisible = 0;
			defaultConfigurationName = Release;
		};
		77D029831B7AD56B00E6923A /* Build configuration list for PBXNativeTarget "UIStepperDemoTests" */ = {
			isa = XCConfigurationList;
			buildConfigurations = (
				77D029841B7AD56B00E6923A /* Debug */,
				77D029851B7AD56B00E6923A /* Release */,
			);
			defaultConfigurationIsVisible = 0;
			defaultConfigurationName = Release;
		};
/* End XCConfigurationList section */
	};
	rootObject = 77D029591B7AD56A00E6923A /* Project object */;
}
