// !$*UTF8*$!
{
	archiveVersion = 1;
	classes = {
	};
	objectVersion = 46;
	objects = {

/* Begin PBXBuildFile section */
		77164C0C1B8D5E3E008D0BDC /* AppDelegate.swift in Sources */ = {isa = PBXBuildFile; fileRef = 77164C0B1B8D5E3E008D0BDC /* AppDelegate.swift */; };
		77164C0F1B8D5E3E008D0BDC /* _2_Test.xcdatamodeld in Sources */ = {isa = PBXBuildFile; fileRef = 77164C0D1B8D5E3E008D0BDC /* _2_Test.xcdatamodeld */; };
		77164C111B8D5E3E008D0BDC /* ViewController.swift in Sources */ = {isa = PBXBuildFile; fileRef = 77164C101B8D5E3E008D0BDC /* ViewController.swift */; };
		77164C141B8D5E3E008D0BDC /* Main.storyboard in Resources */ = {isa = PBXBuildFile; fileRef = 77164C121B8D5E3E008D0BDC /* Main.storyboard */; };
		77164C161B8D5E3E008D0BDC /* Images.xcassets in Resources */ = {isa = PBXBuildFile; fileRef = 77164C151B8D5E3E008D0BDC /* Images.xcassets */; };
		77164C191B8D5E3E008D0BDC /* LaunchScreen.xib in Resources */ = {isa = PBXBuildFile; fileRef = 77164C171B8D5E3E008D0BDC /* LaunchScreen.xib */; };
		77164C251B8D5E3E008D0BDC /* _2_TestTests.swift in Sources */ = {isa = PBXBuildFile; fileRef = 77164C241B8D5E3E008D0BDC /* _2_TestTests.swift */; };
		77387A311B8DAF4900EF16A9 /* circle.png in Resources */ = {isa = PBXBuildFile; fileRef = 77387A261B8DAF4900EF16A9 /* circle.png */; };
		77387A321B8DAF4900EF16A9 /* circle@2x.png in Resources */ = {isa = PBXBuildFile; fileRef = 77387A271B8DAF4900EF16A9 /* circle@2x.png */; };
		77387A331B8DAF4900EF16A9 /* meicon.png in Resources */ = {isa = PBXBuildFile; fileRef = 77387A281B8DAF4900EF16A9 /* meicon.png */; };
		77387A341B8DAF4900EF16A9 /* MenuBackground@2x.png in Resources */ = {isa = PBXBuildFile; fileRef = 77387A291B8DAF4900EF16A9 /* MenuBackground@2x.png */; };
		77387A351B8DAF4900EF16A9 /* pullrefresh.aif in Resources */ = {isa = PBXBuildFile; fileRef = 77387A2A1B8DAF4900EF16A9 /* pullrefresh.aif */; };
		77387A361B8DAF4900EF16A9 /* XHPathCover.m in Sources */ = {isa = PBXBuildFile; fileRef = 77387A2C1B8DAF4900EF16A9 /* XHPathCover.m */; };
		77387A371B8DAF4900EF16A9 /* XHSoundManager.m in Sources */ = {isa = PBXBuildFile; fileRef = 77387A2E1B8DAF4900EF16A9 /* XHSoundManager.m */; };
		77387A381B8DAF4900EF16A9 /* XHWaterDropRefresh.m in Sources */ = {isa = PBXBuildFile; fileRef = 77387A301B8DAF4900EF16A9 /* XHWaterDropRefresh.m */; };
		77387A3A1B8DAF7C00EF16A9 /* BG.png in Resources */ = {isa = PBXBuildFile; fileRef = 77387A391B8DAF7C00EF16A9 /* BG.png */; };
		77387A3C1B8DAF8000EF16A9 /* cute_girl.jpg in Resources */ = {isa = PBXBuildFile; fileRef = 77387A3B1B8DAF8000EF16A9 /* cute_girl.jpg */; };
		7787CD491B8E1869005DB33F /* MKAnnotationView+WebCache.m in Sources */ = {isa = PBXBuildFile; fileRef = 7787CD291B8E1869005DB33F /* MKAnnotationView+WebCache.m */; };
		7787CD4A1B8E1869005DB33F /* NSData+ImageContentType.m in Sources */ = {isa = PBXBuildFile; fileRef = 7787CD2B1B8E1869005DB33F /* NSData+ImageContentType.m */; };
		7787CD4B1B8E1869005DB33F /* SDImageCache.m in Sources */ = {isa = PBXBuildFile; fileRef = 7787CD2D1B8E1869005DB33F /* SDImageCache.m */; };
		7787CD4C1B8E1869005DB33F /* SDWebImageCompat.m in Sources */ = {isa = PBXBuildFile; fileRef = 7787CD2F1B8E1869005DB33F /* SDWebImageCompat.m */; };
		7787CD4D1B8E1869005DB33F /* SDWebImageDecoder.m in Sources */ = {isa = PBXBuildFile; fileRef = 7787CD311B8E1869005DB33F /* SDWebImageDecoder.m */; };
		7787CD4E1B8E1869005DB33F /* SDWebImageDownloader.m in Sources */ = {isa = PBXBuildFile; fileRef = 7787CD331B8E1869005DB33F /* SDWebImageDownloader.m */; };
		7787CD4F1B8E1869005DB33F /* SDWebImageDownloaderOperation.m in Sources */ = {isa = PBXBuildFile; fileRef = 7787CD351B8E1869005DB33F /* SDWebImageDownloaderOperation.m */; };
		7787CD501B8E1869005DB33F /* SDWebImageManager.m in Sources */ = {isa = PBXBuildFile; fileRef = 7787CD371B8E1869005DB33F /* SDWebImageManager.m */; };
		7787CD511B8E1869005DB33F /* SDWebImagePrefetcher.m in Sources */ = {isa = PBXBuildFile; fileRef = 7787CD3A1B8E1869005DB33F /* SDWebImagePrefetcher.m */; };
		7787CD521B8E1869005DB33F /* UIButton+WebCache.m in Sources */ = {isa = PBXBuildFile; fileRef = 7787CD3C1B8E1869005DB33F /* UIButton+WebCache.m */; };
		7787CD531B8E1869005DB33F /* UIImage+GIF.m in Sources */ = {isa = PBXBuildFile; fileRef = 7787CD3E1B8E1869005DB33F /* UIImage+GIF.m */; };
		7787CD541B8E1869005DB33F /* UIImage+MultiFormat.m in Sources */ = {isa = PBXBuildFile; fileRef = 7787CD401B8E1869005DB33F /* UIImage+MultiFormat.m */; };
		7787CD551B8E1869005DB33F /* UIImage+WebP.m in Sources */ = {isa = PBXBuildFile; fileRef = 7787CD421B8E1869005DB33F /* UIImage+WebP.m */; };
		7787CD561B8E1869005DB33F /* UIImageView+HighlightedWebCache.m in Sources */ = {isa = PBXBuildFile; fileRef = 7787CD441B8E1869005DB33F /* UIImageView+HighlightedWebCache.m */; };
		7787CD571B8E1869005DB33F /* UIImageView+WebCache.m in Sources */ = {isa = PBXBuildFile; fileRef = 7787CD461B8E1869005DB33F /* UIImageView+WebCache.m */; };
		7787CD581B8E1869005DB33F /* UIView+WebCacheOperation.m in Sources */ = {isa = PBXBuildFile; fileRef = 7787CD481B8E1869005DB33F /* UIView+WebCacheOperation.m */; };
		7787CD5A1B8EAA16005DB33F /* UIViewExtension.swift in Sources */ = {isa = PBXBuildFile; fileRef = 7787CD591B8EAA16005DB33F /* UIViewExtension.swift */; };
		7787CD5C1B8EAC6D005DB33F /* LineView.swift in Sources */ = {isa = PBXBuildFile; fileRef = 7787CD5B1B8EAC6D005DB33F /* LineView.swift */; };
		77AA5CA91B909C420026D0EE /* bgImage.jpg in Resources */ = {isa = PBXBuildFile; fileRef = 77AA5CA81B909C420026D0EE /* bgImage.jpg */; };
		77D6D5A41B8D9A6400D52F3F /* MJRefresh.bundle in Resources */ = {isa = PBXBuildFile; fileRef = 77D6D58C1B8D9A6300D52F3F /* MJRefresh.bundle */; };
		77D6D5A51B8D9A6400D52F3F /* MJRefreshComponent.m in Sources */ = {isa = PBXBuildFile; fileRef = 77D6D58F1B8D9A6400D52F3F /* MJRefreshComponent.m */; };
		77D6D5A61B8D9A6400D52F3F /* MJRefreshConst.m in Sources */ = {isa = PBXBuildFile; fileRef = 77D6D5911B8D9A6400D52F3F /* MJRefreshConst.m */; };
		77D6D5A71B8D9A6400D52F3F /* MJRefreshFooter.m in Sources */ = {isa = PBXBuildFile; fileRef = 77D6D5931B8D9A6400D52F3F /* MJRefreshFooter.m */; };
		77D6D5A81B8D9A6400D52F3F /* MJRefreshGifFooter.m in Sources */ = {isa = PBXBuildFile; fileRef = 77D6D5951B8D9A6400D52F3F /* MJRefreshGifFooter.m */; };
		77D6D5A91B8D9A6400D52F3F /* MJRefreshGifHeader.m in Sources */ = {isa = PBXBuildFile; fileRef = 77D6D5971B8D9A6400D52F3F /* MJRefreshGifHeader.m */; };
		77D6D5AA1B8D9A6400D52F3F /* MJRefreshHeader.m in Sources */ = {isa = PBXBuildFile; fileRef = 77D6D5991B8D9A6400D52F3F /* MJRefreshHeader.m */; };
		77D6D5AB1B8D9A6400D52F3F /* MJRefreshLegendFooter.m in Sources */ = {isa = PBXBuildFile; fileRef = 77D6D59B1B8D9A6400D52F3F /* MJRefreshLegendFooter.m */; };
		77D6D5AC1B8D9A6400D52F3F /* MJRefreshLegendHeader.m in Sources */ = {isa = PBXBuildFile; fileRef = 77D6D59D1B8D9A6400D52F3F /* MJRefreshLegendHeader.m */; };
		77D6D5AD1B8D9A6400D52F3F /* UIScrollView+MJExtension.m in Sources */ = {isa = PBXBuildFile; fileRef = 77D6D59F1B8D9A6400D52F3F /* UIScrollView+MJExtension.m */; };
		77D6D5AE1B8D9A6400D52F3F /* UIScrollView+MJRefresh.m in Sources */ = {isa = PBXBuildFile; fileRef = 77D6D5A11B8D9A6400D52F3F /* UIScrollView+MJRefresh.m */; };
		77D6D5AF1B8D9A6400D52F3F /* UIView+MJExtension.m in Sources */ = {isa = PBXBuildFile; fileRef = 77D6D5A31B8D9A6400D52F3F /* UIView+MJExtension.m */; };
		77D6D5B41B8DA61600D52F3F /* ProgressHUD.bundle in Resources */ = {isa = PBXBuildFile; fileRef = 77D6D5B11B8DA61600D52F3F /* ProgressHUD.bundle */; };
		77D6D5B51B8DA61600D52F3F /* ProgressHUD.m in Sources */ = {isa = PBXBuildFile; fileRef = 77D6D5B31B8DA61600D52F3F /* ProgressHUD.m */; };
/* End PBXBuildFile section */

/* Begin PBXContainerItemProxy section */
		77164C1F1B8D5E3E008D0BDC /* PBXContainerItemProxy */ = {
			isa = PBXContainerItemProxy;
			containerPortal = 77164BFE1B8D5E3D008D0BDC /* Project object */;
			proxyType = 1;
			remoteGlobalIDString = 77164C051B8D5E3E008D0BDC;
			remoteInfo = 02.Test;
		};
/* End PBXContainerItemProxy section */

/* Begin PBXFileReference section */
		77164C061B8D5E3E008D0BDC /* 02.Test.app */ = {isa = PBXFileReference; explicitFileType = wrapper.application; includeInIndex = 0; path = 02.Test.app; sourceTree = BUILT_PRODUCTS_DIR; };
		77164C0A1B8D5E3E008D0BDC /* Info.plist */ = {isa = PBXFileReference; lastKnownFileType = text.plist.xml; path = Info.plist; sourceTree = "<group>"; };
		77164C0B1B8D5E3E008D0BDC /* AppDelegate.swift */ = {isa = PBXFileReference; lastKnownFileType = sourcecode.swift; path = AppDelegate.swift; sourceTree = "<group>"; };
		77164C0E1B8D5E3E008D0BDC /* _2_Test.xcdatamodel */ = {isa = PBXFileReference; lastKnownFileType = wrapper.xcdatamodel; path = _2_Test.xcdatamodel; sourceTree = "<group>"; };
		77164C101B8D5E3E008D0BDC /* ViewController.swift */ = {isa = PBXFileReference; lastKnownFileType = sourcecode.swift; path = ViewController.swift; sourceTree = "<group>"; };
		77164C131B8D5E3E008D0BDC /* Base */ = {isa = PBXFileReference; lastKnownFileType = file.storyboard; name = Base; path = Base.lproj/Main.storyboard; sourceTree = "<group>"; };
		77164C151B8D5E3E008D0BDC /* Images.xcassets */ = {isa = PBXFileReference; lastKnownFileType = folder.assetcatalog; path = Images.xcassets; sourceTree = "<group>"; };
		77164C181B8D5E3E008D0BDC /* Base */ = {isa = PBXFileReference; lastKnownFileType = file.xib; name = Base; path = Base.lproj/LaunchScreen.xib; sourceTree = "<group>"; };
		77164C1E1B8D5E3E008D0BDC /* 02.TestTests.xctest */ = {isa = PBXFileReference; explicitFileType = wrapper.cfbundle; includeInIndex = 0; path = 02.TestTests.xctest; sourceTree = BUILT_PRODUCTS_DIR; };
		77164C231B8D5E3E008D0BDC /* Info.plist */ = {isa = PBXFileReference; lastKnownFileType = text.plist.xml; path = Info.plist; sourceTree = "<group>"; };
		77164C241B8D5E3E008D0BDC /* _2_TestTests.swift */ = {isa = PBXFileReference; lastKnownFileType = sourcecode.swift; path = _2_TestTests.swift; sourceTree = "<group>"; };
		77387A261B8DAF4900EF16A9 /* circle.png */ = {isa = PBXFileReference; lastKnownFileType = image.png; path = circle.png; sourceTree = "<group>"; };
		77387A271B8DAF4900EF16A9 /* circle@2x.png */ = {isa = PBXFileReference; lastKnownFileType = image.png; path = "circle@2x.png"; sourceTree = "<group>"; };
		77387A281B8DAF4900EF16A9 /* meicon.png */ = {isa = PBXFileReference; lastKnownFileType = image.png; path = meicon.png; sourceTree = "<group>"; };
		77387A291B8DAF4900EF16A9 /* MenuBackground@2x.png */ = {isa = PBXFileReference; lastKnownFileType = image.png; path = "MenuBackground@2x.png"; sourceTree = "<group>"; };
		77387A2A1B8DAF4900EF16A9 /* pullrefresh.aif */ = {isa = PBXFileReference; lastKnownFileType = file; path = pullrefresh.aif; sourceTree = "<group>"; };
		77387A2B1B8DAF4900EF16A9 /* XHPathCover.h */ = {isa = PBXFileReference; fileEncoding = 4; lastKnownFileType = sourcecode.c.h; path = XHPathCover.h; sourceTree = "<group>"; };
		77387A2C1B8DAF4900EF16A9 /* XHPathCover.m */ = {isa = PBXFileReference; fileEncoding = 4; lastKnownFileType = sourcecode.c.objc; path = XHPathCover.m; sourceTree = "<group>"; };
		77387A2D1B8DAF4900EF16A9 /* XHSoundManager.h */ = {isa = PBXFileReference; fileEncoding = 4; lastKnownFileType = sourcecode.c.h; path = XHSoundManager.h; sourceTree = "<group>"; };
		77387A2E1B8DAF4900EF16A9 /* XHSoundManager.m */ = {isa = PBXFileReference; fileEncoding = 4; lastKnownFileType = sourcecode.c.objc; path = XHSoundManager.m; sourceTree = "<group>"; };
		77387A2F1B8DAF4900EF16A9 /* XHWaterDropRefresh.h */ = {isa = PBXFileReference; fileEncoding = 4; lastKnownFileType = sourcecode.c.h; path = XHWaterDropRefresh.h; sourceTree = "<group>"; };
		77387A301B8DAF4900EF16A9 /* XHWaterDropRefresh.m */ = {isa = PBXFileReference; fileEncoding = 4; lastKnownFileType = sourcecode.c.objc; path = XHWaterDropRefresh.m; sourceTree = "<group>"; };
		77387A391B8DAF7C00EF16A9 /* BG.png */ = {isa = PBXFileReference; lastKnownFileType = image.png; path = BG.png; sourceTree = "<group>"; };
		77387A3B1B8DAF8000EF16A9 /* cute_girl.jpg */ = {isa = PBXFileReference; lastKnownFileType = image.jpeg; path = cute_girl.jpg; sourceTree = "<group>"; };
		7787CD281B8E1869005DB33F /* MKAnnotationView+WebCache.h */ = {isa = PBXFileReference; fileEncoding = 4; lastKnownFileType = sourcecode.c.h; path = "MKAnnotationView+WebCache.h"; sourceTree = "<group>"; };
		7787CD291B8E1869005DB33F /* MKAnnotationView+WebCache.m */ = {isa = PBXFileReference; fileEncoding = 4; lastKnownFileType = sourcecode.c.objc; path = "MKAnnotationView+WebCache.m"; sourceTree = "<group>"; };
		7787CD2A1B8E1869005DB33F /* NSData+ImageContentType.h */ = {isa = PBXFileReference; fileEncoding = 4; lastKnownFileType = sourcecode.c.h; path = "NSData+ImageContentType.h"; sourceTree = "<group>"; };
		7787CD2B1B8E1869005DB33F /* NSData+ImageContentType.m */ = {isa = PBXFileReference; fileEncoding = 4; lastKnownFileType = sourcecode.c.objc; path = "NSData+ImageContentType.m"; sourceTree = "<group>"; };
		7787CD2C1B8E1869005DB33F /* SDImageCache.h */ = {isa = PBXFileReference; fileEncoding = 4; lastKnownFileType = sourcecode.c.h; path = SDImageCache.h; sourceTree = "<group>"; };
		7787CD2D1B8E1869005DB33F /* SDImageCache.m */ = {isa = PBXFileReference; fileEncoding = 4; lastKnownFileType = sourcecode.c.objc; path = SDImageCache.m; sourceTree = "<group>"; };
		7787CD2E1B8E1869005DB33F /* SDWebImageCompat.h */ = {isa = PBXFileReference; fileEncoding = 4; lastKnownFileType = sourcecode.c.h; path = SDWebImageCompat.h; sourceTree = "<group>"; };
		7787CD2F1B8E1869005DB33F /* SDWebImageCompat.m */ = {isa = PBXFileReference; fileEncoding = 4; lastKnownFileType = sourcecode.c.objc; path = SDWebImageCompat.m; sourceTree = "<group>"; };
		7787CD301B8E1869005DB33F /* SDWebImageDecoder.h */ = {isa = PBXFileReference; fileEncoding = 4; lastKnownFileType = sourcecode.c.h; path = SDWebImageDecoder.h; sourceTree = "<group>"; };
		7787CD311B8E1869005DB33F /* SDWebImageDecoder.m */ = {isa = PBXFileReference; fileEncoding = 4; lastKnownFileType = sourcecode.c.objc; path = SDWebImageDecoder.m; sourceTree = "<group>"; };
		7787CD321B8E1869005DB33F /* SDWebImageDownloader.h */ = {isa = PBXFileReference; fileEncoding = 4; lastKnownFileType = sourcecode.c.h; path = SDWebImageDownloader.h; sourceTree = "<group>"; };
		7787CD331B8E1869005DB33F /* SDWebImageDownloader.m */ = {isa = PBXFileReference; fileEncoding = 4; lastKnownFileType = sourcecode.c.objc; path = SDWebImageDownloader.m; sourceTree = "<group>"; };
		7787CD341B8E1869005DB33F /* SDWebImageDownloaderOperation.h */ = {isa = PBXFileReference; fileEncoding = 4; lastKnownFileType = sourcecode.c.h; path = SDWebImageDownloaderOperation.h; sourceTree = "<group>"; };
		7787CD351B8E1869005DB33F /* SDWebImageDownloaderOperation.m */ = {isa = PBXFileReference; fileEncoding = 4; lastKnownFileType = sourcecode.c.objc; path = SDWebImageDownloaderOperation.m; sourceTree = "<group>"; };
		7787CD361B8E1869005DB33F /* SDWebImageManager.h */ = {isa = PBXFileReference; fileEncoding = 4; lastKnownFileType = sourcecode.c.h; path = SDWebImageManager.h; sourceTree = "<group>"; };
		7787CD371B8E1869005DB33F /* SDWebImageManager.m */ = {isa = PBXFileReference; fileEncoding = 4; lastKnownFileType = sourcecode.c.objc; path = SDWebImageManager.m; sourceTree = "<group>"; };
		7787CD381B8E1869005DB33F /* SDWebImageOperation.h */ = {isa = PBXFileReference; fileEncoding = 4; lastKnownFileType = sourcecode.c.h; path = SDWebImageOperation.h; sourceTree = "<group>"; };
		7787CD391B8E1869005DB33F /* SDWebImagePrefetcher.h */ = {isa = PBXFileReference; fileEncoding = 4; lastKnownFileType = sourcecode.c.h; path = SDWebImagePrefetcher.h; sourceTree = "<group>"; };
		7787CD3A1B8E1869005DB33F /* SDWebImagePrefetcher.m */ = {isa = PBXFileReference; fileEncoding = 4; lastKnownFileType = sourcecode.c.objc; path = SDWebImagePrefetcher.m; sourceTree = "<group>"; };
		7787CD3B1B8E1869005DB33F /* UIButton+WebCache.h */ = {isa = PBXFileReference; fileEncoding = 4; lastKnownFileType = sourcecode.c.h; path = "UIButton+WebCache.h"; sourceTree = "<group>"; };
		7787CD3C1B8E1869005DB33F /* UIButton+WebCache.m */ = {isa = PBXFileReference; fileEncoding = 4; lastKnownFileType = sourcecode.c.objc; path = "UIButton+WebCache.m"; sourceTree = "<group>"; };
		7787CD3D1B8E1869005DB33F /* UIImage+GIF.h */ = {isa = PBXFileReference; fileEncoding = 4; lastKnownFileType = sourcecode.c.h; path = "UIImage+GIF.h"; sourceTree = "<group>"; };
		7787CD3E1B8E1869005DB33F /* UIImage+GIF.m */ = {isa = PBXFileReference; fileEncoding = 4; lastKnownFileType = sourcecode.c.objc; path = "UIImage+GIF.m"; sourceTree = "<group>"; };
		7787CD3F1B8E1869005DB33F /* UIImage+MultiFormat.h */ = {isa = PBXFileReference; fileEncoding = 4; lastKnownFileType = sourcecode.c.h; path = "UIImage+MultiFormat.h"; sourceTree = "<group>"; };
		7787CD401B8E1869005DB33F /* UIImage+MultiFormat.m */ = {isa = PBXFileReference; fileEncoding = 4; lastKnownFileType = sourcecode.c.objc; path = "UIImage+MultiFormat.m"; sourceTree = "<group>"; };
		7787CD411B8E1869005DB33F /* UIImage+WebP.h */ = {isa = PBXFileReference; fileEncoding = 4; lastKnownFileType = sourcecode.c.h; path = "UIImage+WebP.h"; sourceTree = "<group>"; };
		7787CD421B8E1869005DB33F /* UIImage+WebP.m */ = {isa = PBXFileReference; fileEncoding = 4; lastKnownFileType = sourcecode.c.objc; path = "UIImage+WebP.m"; sourceTree = "<group>"; };
		7787CD431B8E1869005DB33F /* UIImageView+HighlightedWebCache.h */ = {isa = PBXFileReference; fileEncoding = 4; lastKnownFileType = sourcecode.c.h; path = "UIImageView+HighlightedWebCache.h"; sourceTree = "<group>"; };
		7787CD441B8E1869005DB33F /* UIImageView+HighlightedWebCache.m */ = {isa = PBXFileReference; fileEncoding = 4; lastKnownFileType = sourcecode.c.objc; path = "UIImageView+HighlightedWebCache.m"; sourceTree = "<group>"; };
		7787CD451B8E1869005DB33F /* UIImageView+WebCache.h */ = {isa = PBXFileReference; fileEncoding = 4; lastKnownFileType = sourcecode.c.h; path = "UIImageView+WebCache.h"; sourceTree = "<group>"; };
		7787CD461B8E1869005DB33F /* UIImageView+WebCache.m */ = {isa = PBXFileReference; fileEncoding = 4; lastKnownFileType = sourcecode.c.objc; path = "UIImageView+WebCache.m"; sourceTree = "<group>"; };
		7787CD471B8E1869005DB33F /* UIView+WebCacheOperation.h */ = {isa = PBXFileReference; fileEncoding = 4; lastKnownFileType = sourcecode.c.h; path = "UIView+WebCacheOperation.h"; sourceTree = "<group>"; };
		7787CD481B8E1869005DB33F /* UIView+WebCacheOperation.m */ = {isa = PBXFileReference; fileEncoding = 4; lastKnownFileType = sourcecode.c.objc; path = "UIView+WebCacheOperation.m"; sourceTree = "<group>"; };
		7787CD591B8EAA16005DB33F /* UIViewExtension.swift */ = {isa = PBXFileReference; fileEncoding = 4; lastKnownFileType = sourcecode.swift; path = UIViewExtension.swift; sourceTree = "<group>"; };
		7787CD5B1B8EAC6D005DB33F /* LineView.swift */ = {isa = PBXFileReference; fileEncoding = 4; lastKnownFileType = sourcecode.swift; path = LineView.swift; sourceTree = "<group>"; };
		7791EBEB1B8D8FDA00CD911B /* Bridging-Header.h */ = {isa = PBXFileReference; lastKnownFileType = sourcecode.c.h; path = "Bridging-Header.h"; sourceTree = "<group>"; };
		77AA5CA81B909C420026D0EE /* bgImage.jpg */ = {isa = PBXFileReference; lastKnownFileType = image.jpeg; path = bgImage.jpg; sourceTree = "<group>"; };
		77D6D58C1B8D9A6300D52F3F /* MJRefresh.bundle */ = {isa = PBXFileReference; lastKnownFileType = "wrapper.plug-in"; path = MJRefresh.bundle; sourceTree = "<group>"; };
		77D6D58D1B8D9A6400D52F3F /* MJRefresh.h */ = {isa = PBXFileReference; fileEncoding = 4; lastKnownFileType = sourcecode.c.h; path = MJRefresh.h; sourceTree = "<group>"; };
		77D6D58E1B8D9A6400D52F3F /* MJRefreshComponent.h */ = {isa = PBXFileReference; fileEncoding = 4; lastKnownFileType = sourcecode.c.h; path = MJRefreshComponent.h; sourceTree = "<group>"; };
		77D6D58F1B8D9A6400D52F3F /* MJRefreshComponent.m */ = {isa = PBXFileReference; fileEncoding = 4; lastKnownFileType = sourcecode.c.objc; path = MJRefreshComponent.m; sourceTree = "<group>"; };
		77D6D5901B8D9A6400D52F3F /* MJRefreshConst.h */ = {isa = PBXFileReference; fileEncoding = 4; lastKnownFileType = sourcecode.c.h; path = MJRefreshConst.h; sourceTree = "<group>"; };
		77D6D5911B8D9A6400D52F3F /* MJRefreshConst.m */ = {isa = PBXFileReference; fileEncoding = 4; lastKnownFileType = sourcecode.c.objc; path = MJRefreshConst.m; sourceTree = "<group>"; };
		77D6D5921B8D9A6400D52F3F /* MJRefreshFooter.h */ = {isa = PBXFileReference; fileEncoding = 4; lastKnownFileType = sourcecode.c.h; path = MJRefreshFooter.h; sourceTree = "<group>"; };
		77D6D5931B8D9A6400D52F3F /* MJRefreshFooter.m */ = {isa = PBXFileReference; fileEncoding = 4; lastKnownFileType = sourcecode.c.objc; path = MJRefreshFooter.m; sourceTree = "<group>"; };
		77D6D5941B8D9A6400D52F3F /* MJRefreshGifFooter.h */ = {isa = PBXFileReference; fileEncoding = 4; lastKnownFileType = sourcecode.c.h; path = MJRefreshGifFooter.h; sourceTree = "<group>"; };
		77D6D5951B8D9A6400D52F3F /* MJRefreshGifFooter.m */ = {isa = PBXFileReference; fileEncoding = 4; lastKnownFileType = sourcecode.c.objc; path = MJRefreshGifFooter.m; sourceTree = "<group>"; };
		77D6D5961B8D9A6400D52F3F /* MJRefreshGifHeader.h */ = {isa = PBXFileReference; fileEncoding = 4; lastKnownFileType = sourcecode.c.h; path = MJRefreshGifHeader.h; sourceTree = "<group>"; };
		77D6D5971B8D9A6400D52F3F /* MJRefreshGifHeader.m */ = {isa = PBXFileReference; fileEncoding = 4; lastKnownFileType = sourcecode.c.objc; path = MJRefreshGifHeader.m; sourceTree = "<group>"; };
		77D6D5981B8D9A6400D52F3F /* MJRefreshHeader.h */ = {isa = PBXFileReference; fileEncoding = 4; lastKnownFileType = sourcecode.c.h; path = MJRefreshHeader.h; sourceTree = "<group>"; };
		77D6D5991B8D9A6400D52F3F /* MJRefreshHeader.m */ = {isa = PBXFileReference; fileEncoding = 4; lastKnownFileType = sourcecode.c.objc; path = MJRefreshHeader.m; sourceTree = "<group>"; };
		77D6D59A1B8D9A6400D52F3F /* MJRefreshLegendFooter.h */ = {isa = PBXFileReference; fileEncoding = 4; lastKnownFileType = sourcecode.c.h; path = MJRefreshLegendFooter.h; sourceTree = "<group>"; };
		77D6D59B1B8D9A6400D52F3F /* MJRefreshLegendFooter.m */ = {isa = PBXFileReference; fileEncoding = 4; lastKnownFileType = sourcecode.c.objc; path = MJRefreshLegendFooter.m; sourceTree = "<group>"; };
		77D6D59C1B8D9A6400D52F3F /* MJRefreshLegendHeader.h */ = {isa = PBXFileReference; fileEncoding = 4; lastKnownFileType = sourcecode.c.h; path = MJRefreshLegendHeader.h; sourceTree = "<group>"; };
		77D6D59D1B8D9A6400D52F3F /* MJRefreshLegendHeader.m */ = {isa = PBXFileReference; fileEncoding = 4; lastKnownFileType = sourcecode.c.objc; path = MJRefreshLegendHeader.m; sourceTree = "<group>"; };
		77D6D59E1B8D9A6400D52F3F /* UIScrollView+MJExtension.h */ = {isa = PBXFileReference; fileEncoding = 4; lastKnownFileType = sourcecode.c.h; path = "UIScrollView+MJExtension.h"; sourceTree = "<group>"; };
		77D6D59F1B8D9A6400D52F3F /* UIScrollView+MJExtension.m */ = {isa = PBXFileReference; fileEncoding = 4; lastKnownFileType = sourcecode.c.objc; path = "UIScrollView+MJExtension.m"; sourceTree = "<group>"; };
		77D6D5A01B8D9A6400D52F3F /* UIScrollView+MJRefresh.h */ = {isa = PBXFileReference; fileEncoding = 4; lastKnownFileType = sourcecode.c.h; path = "UIScrollView+MJRefresh.h"; sourceTree = "<group>"; };
		77D6D5A11B8D9A6400D52F3F /* UIScrollView+MJRefresh.m */ = {isa = PBXFileReference; fileEncoding = 4; lastKnownFileType = sourcecode.c.objc; path = "UIScrollView+MJRefresh.m"; sourceTree = "<group>"; };
		77D6D5A21B8D9A6400D52F3F /* UIView+MJExtension.h */ = {isa = PBXFileReference; fileEncoding = 4; lastKnownFileType = sourcecode.c.h; path = "UIView+MJExtension.h"; sourceTree = "<group>"; };
		77D6D5A31B8D9A6400D52F3F /* UIView+MJExtension.m */ = {isa = PBXFileReference; fileEncoding = 4; lastKnownFileType = sourcecode.c.objc; path = "UIView+MJExtension.m"; sourceTree = "<group>"; };
		77D6D5B11B8DA61600D52F3F /* ProgressHUD.bundle */ = {isa = PBXFileReference; lastKnownFileType = "wrapper.plug-in"; path = ProgressHUD.bundle; sourceTree = "<group>"; };
		77D6D5B21B8DA61600D52F3F /* ProgressHUD.h */ = {isa = PBXFileReference; fileEncoding = 4; lastKnownFileType = sourcecode.c.h; path = ProgressHUD.h; sourceTree = "<group>"; };
		77D6D5B31B8DA61600D52F3F /* ProgressHUD.m */ = {isa = PBXFileReference; fileEncoding = 4; lastKnownFileType = sourcecode.c.objc; path = ProgressHUD.m; sourceTree = "<group>"; };
/* End PBXFileReference section */

/* Begin PBXFrameworksBuildPhase section */
		77164C031B8D5E3E008D0BDC /* Frameworks */ = {
			isa = PBXFrameworksBuildPhase;
			buildActionMask = 2147483647;
			files = (
			);
			runOnlyForDeploymentPostprocessing = 0;
		};
		77164C1B1B8D5E3E008D0BDC /* Frameworks */ = {
			isa = PBXFrameworksBuildPhase;
			buildActionMask = 2147483647;
			files = (
			);
			runOnlyForDeploymentPostprocessing = 0;
		};
/* End PBXFrameworksBuildPhase section */

/* Begin PBXGroup section */
		77164BFD1B8D5E3D008D0BDC = {
			isa = PBXGroup;
			children = (
				77164C081B8D5E3E008D0BDC /* 02.Test */,
				77164C211B8D5E3E008D0BDC /* 02.TestTests */,
				77164C071B8D5E3E008D0BDC /* Products */,
			);
			sourceTree = "<group>";
		};
		77164C071B8D5E3E008D0BDC /* Products */ = {
			isa = PBXGroup;
			children = (
				77164C061B8D5E3E008D0BDC /* 02.Test.app */,
				77164C1E1B8D5E3E008D0BDC /* 02.TestTests.xctest */,
			);
			name = Products;
			sourceTree = "<group>";
		};
		77164C081B8D5E3E008D0BDC /* 02.Test */ = {
			isa = PBXGroup;
			children = (
				77AA5CA81B909C420026D0EE /* bgImage.jpg */,
				77387A3B1B8DAF8000EF16A9 /* cute_girl.jpg */,
				77387A391B8DAF7C00EF16A9 /* BG.png */,
				7787CD271B8E1869005DB33F /* SDWebImage */,
				77387A241B8DAF4900EF16A9 /* PathCover */,
				77D6D5B01B8DA61600D52F3F /* ProgressHUD */,
				77D6D58B1B8D9A6300D52F3F /* MJRefresh */,
				77164C0B1B8D5E3E008D0BDC /* AppDelegate.swift */,
				77164C101B8D5E3E008D0BDC /* ViewController.swift */,
				7787CD5B1B8EAC6D005DB33F /* LineView.swift */,
				77164C121B8D5E3E008D0BDC /* Main.storyboard */,
				77164C151B8D5E3E008D0BDC /* Images.xcassets */,
				77164C171B8D5E3E008D0BDC /* LaunchScreen.xib */,
				77164C0D1B8D5E3E008D0BDC /* _2_Test.xcdatamodeld */,
				77164C091B8D5E3E008D0BDC /* Supporting Files */,
				7791EBEB1B8D8FDA00CD911B /* Bridging-Header.h */,
				7787CD591B8EAA16005DB33F /* UIViewExtension.swift */,
			);
			path = 02.Test;
			sourceTree = "<group>";
		};
		77164C091B8D5E3E008D0BDC /* Supporting Files */ = {
			isa = PBXGroup;
			children = (
				77164C0A1B8D5E3E008D0BDC /* Info.plist */,
			);
			name = "Supporting Files";
			sourceTree = "<group>";
		};
		77164C211B8D5E3E008D0BDC /* 02.TestTests */ = {
			isa = PBXGroup;
			children = (
				77164C241B8D5E3E008D0BDC /* _2_TestTests.swift */,
				77164C221B8D5E3E008D0BDC /* Supporting Files */,
			);
			path = 02.TestTests;
			sourceTree = "<group>";
		};
		77164C221B8D5E3E008D0BDC /* Supporting Files */ = {
			isa = PBXGroup;
			children = (
				77164C231B8D5E3E008D0BDC /* Info.plist */,
			);
			name = "Supporting Files";
			sourceTree = "<group>";
		};
		77387A241B8DAF4900EF16A9 /* PathCover */ = {
			isa = PBXGroup;
			children = (
				77387A251B8DAF4900EF16A9 /* Resources */,
				77387A2B1B8DAF4900EF16A9 /* XHPathCover.h */,
				77387A2C1B8DAF4900EF16A9 /* XHPathCover.m */,
				77387A2D1B8DAF4900EF16A9 /* XHSoundManager.h */,
				77387A2E1B8DAF4900EF16A9 /* XHSoundManager.m */,
				77387A2F1B8DAF4900EF16A9 /* XHWaterDropRefresh.h */,
				77387A301B8DAF4900EF16A9 /* XHWaterDropRefresh.m */,
			);
			name = PathCover;
			path = MJRefresh/PathCover;
			sourceTree = "<group>";
		};
		77387A251B8DAF4900EF16A9 /* Resources */ = {
			isa = PBXGroup;
			children = (
				77387A261B8DAF4900EF16A9 /* circle.png */,
				77387A271B8DAF4900EF16A9 /* circle@2x.png */,
				77387A281B8DAF4900EF16A9 /* meicon.png */,
				77387A291B8DAF4900EF16A9 /* MenuBackground@2x.png */,
				77387A2A1B8DAF4900EF16A9 /* pullrefresh.aif */,
			);
			path = Resources;
			sourceTree = "<group>";
		};
		7787CD271B8E1869005DB33F /* SDWebImage */ = {
			isa = PBXGroup;
			children = (
				7787CD281B8E1869005DB33F /* MKAnnotationView+WebCache.h */,
				7787CD291B8E1869005DB33F /* MKAnnotationView+WebCache.m */,
				7787CD2A1B8E1869005DB33F /* NSData+ImageContentType.h */,
				7787CD2B1B8E1869005DB33F /* NSData+ImageContentType.m */,
				7787CD2C1B8E1869005DB33F /* SDImageCache.h */,
				7787CD2D1B8E1869005DB33F /* SDImageCache.m */,
				7787CD2E1B8E1869005DB33F /* SDWebImageCompat.h */,
				7787CD2F1B8E1869005DB33F /* SDWebImageCompat.m */,
				7787CD301B8E1869005DB33F /* SDWebImageDecoder.h */,
				7787CD311B8E1869005DB33F /* SDWebImageDecoder.m */,
				7787CD321B8E1869005DB33F /* SDWebImageDownloader.h */,
				7787CD331B8E1869005DB33F /* SDWebImageDownloader.m */,
				7787CD341B8E1869005DB33F /* SDWebImageDownloaderOperation.h */,
				7787CD351B8E1869005DB33F /* SDWebImageDownloaderOperation.m */,
				7787CD361B8E1869005DB33F /* SDWebImageManager.h */,
				7787CD371B8E1869005DB33F /* SDWebImageManager.m */,
				7787CD381B8E1869005DB33F /* SDWebImageOperation.h */,
				7787CD391B8E1869005DB33F /* SDWebImagePrefetcher.h */,
				7787CD3A1B8E1869005DB33F /* SDWebImagePrefetcher.m */,
				7787CD3B1B8E1869005DB33F /* UIButton+WebCache.h */,
				7787CD3C1B8E1869005DB33F /* UIButton+WebCache.m */,
				7787CD3D1B8E1869005DB33F /* UIImage+GIF.h */,
				7787CD3E1B8E1869005DB33F /* UIImage+GIF.m */,
				7787CD3F1B8E1869005DB33F /* UIImage+MultiFormat.h */,
				7787CD401B8E1869005DB33F /* UIImage+MultiFormat.m */,
				7787CD411B8E1869005DB33F /* UIImage+WebP.h */,
				7787CD421B8E1869005DB33F /* UIImage+WebP.m */,
				7787CD431B8E1869005DB33F /* UIImageView+HighlightedWebCache.h */,
				7787CD441B8E1869005DB33F /* UIImageView+HighlightedWebCache.m */,
				7787CD451B8E1869005DB33F /* UIImageView+WebCache.h */,
				7787CD461B8E1869005DB33F /* UIImageView+WebCache.m */,
				7787CD471B8E1869005DB33F /* UIView+WebCacheOperation.h */,
				7787CD481B8E1869005DB33F /* UIView+WebCacheOperation.m */,
			);
			path = SDWebImage;
			sourceTree = "<group>";
		};
		77D6D58B1B8D9A6300D52F3F /* MJRefresh */ = {
			isa = PBXGroup;
			children = (
				77D6D58C1B8D9A6300D52F3F /* MJRefresh.bundle */,
				77D6D58D1B8D9A6400D52F3F /* MJRefresh.h */,
				77D6D58E1B8D9A6400D52F3F /* MJRefreshComponent.h */,
				77D6D58F1B8D9A6400D52F3F /* MJRefreshComponent.m */,
				77D6D5901B8D9A6400D52F3F /* MJRefreshConst.h */,
				77D6D5911B8D9A6400D52F3F /* MJRefreshConst.m */,
				77D6D5921B8D9A6400D52F3F /* MJRefreshFooter.h */,
				77D6D5931B8D9A6400D52F3F /* MJRefreshFooter.m */,
				77D6D5941B8D9A6400D52F3F /* MJRefreshGifFooter.h */,
				77D6D5951B8D9A6400D52F3F /* MJRefreshGifFooter.m */,
				77D6D5961B8D9A6400D52F3F /* MJRefreshGifHeader.h */,
				77D6D5971B8D9A6400D52F3F /* MJRefreshGifHeader.m */,
				77D6D5981B8D9A6400D52F3F /* MJRefreshHeader.h */,
				77D6D5991B8D9A6400D52F3F /* MJRefreshHeader.m */,
				77D6D59A1B8D9A6400D52F3F /* MJRefreshLegendFooter.h */,
				77D6D59B1B8D9A6400D52F3F /* MJRefreshLegendFooter.m */,
				77D6D59C1B8D9A6400D52F3F /* MJRefreshLegendHeader.h */,
				77D6D59D1B8D9A6400D52F3F /* MJRefreshLegendHeader.m */,
				77D6D59E1B8D9A6400D52F3F /* UIScrollView+MJExtension.h */,
				77D6D59F1B8D9A6400D52F3F /* UIScrollView+MJExtension.m */,
				77D6D5A01B8D9A6400D52F3F /* UIScrollView+MJRefresh.h */,
				77D6D5A11B8D9A6400D52F3F /* UIScrollView+MJRefresh.m */,
				77D6D5A21B8D9A6400D52F3F /* UIView+MJExtension.h */,
				77D6D5A31B8D9A6400D52F3F /* UIView+MJExtension.m */,
			);
			path = MJRefresh;
			sourceTree = "<group>";
		};
		77D6D5B01B8DA61600D52F3F /* ProgressHUD */ = {
			isa = PBXGroup;
			children = (
				77D6D5B11B8DA61600D52F3F /* ProgressHUD.bundle */,
				77D6D5B21B8DA61600D52F3F /* ProgressHUD.h */,
				77D6D5B31B8DA61600D52F3F /* ProgressHUD.m */,
			);
			path = ProgressHUD;
			sourceTree = "<group>";
		};
/* End PBXGroup section */

/* Begin PBXNativeTarget section */
		77164C051B8D5E3E008D0BDC /* 02.Test */ = {
			isa = PBXNativeTarget;
			buildConfigurationList = 77164C281B8D5E3E008D0BDC /* Build configuration list for PBXNativeTarget "02.Test" */;
			buildPhases = (
				77164C021B8D5E3E008D0BDC /* Sources */,
				77164C031B8D5E3E008D0BDC /* Frameworks */,
				77164C041B8D5E3E008D0BDC /* Resources */,
			);
			buildRules = (
			);
			dependencies = (
			);
			name = 02.Test;
			productName = 02.Test;
			productReference = 77164C061B8D5E3E008D0BDC /* 02.Test.app */;
			productType = "com.apple.product-type.application";
		};
		77164C1D1B8D5E3E008D0BDC /* 02.TestTests */ = {
			isa = PBXNativeTarget;
			buildConfigurationList = 77164C2B1B8D5E3E008D0BDC /* Build configuration list for PBXNativeTarget "02.TestTests" */;
			buildPhases = (
				77164C1A1B8D5E3E008D0BDC /* Sources */,
				77164C1B1B8D5E3E008D0BDC /* Frameworks */,
				77164C1C1B8D5E3E008D0BDC /* Resources */,
			);
			buildRules = (
			);
			dependencies = (
				77164C201B8D5E3E008D0BDC /* PBXTargetDependency */,
			);
			name = 02.TestTests;
			productName = 02.TestTests;
			productReference = 77164C1E1B8D5E3E008D0BDC /* 02.TestTests.xctest */;
			productType = "com.apple.product-type.bundle.unit-test";
		};
/* End PBXNativeTarget section */

/* Begin PBXProject section */
		77164BFE1B8D5E3D008D0BDC /* Project object */ = {
			isa = PBXProject;
			attributes = {
				LastSwiftUpdateCheck = 0700;
				LastUpgradeCheck = 0630;
				ORGANIZATIONNAME = "游义男";
				TargetAttributes = {
					77164C051B8D5E3E008D0BDC = {
						CreatedOnToolsVersion = 6.3.2;
					};
					77164C1D1B8D5E3E008D0BDC = {
						CreatedOnToolsVersion = 6.3.2;
						TestTargetID = 77164C051B8D5E3E008D0BDC;
					};
				};
			};
			buildConfigurationList = 77164C011B8D5E3D008D0BDC /* Build configuration list for PBXProject "02.Test" */;
			compatibilityVersion = "Xcode 3.2";
			developmentRegion = English;
			hasScannedForEncodings = 0;
			knownRegions = (
				en,
				Base,
			);
			mainGroup = 77164BFD1B8D5E3D008D0BDC;
			productRefGroup = 77164C071B8D5E3E008D0BDC /* Products */;
			projectDirPath = "";
			projectRoot = "";
			targets = (
				77164C051B8D5E3E008D0BDC /* 02.Test */,
				77164C1D1B8D5E3E008D0BDC /* 02.TestTests */,
			);
		};
/* End PBXProject section */

/* Begin PBXResourcesBuildPhase section */
		77164C041B8D5E3E008D0BDC /* Resources */ = {
			isa = PBXResourcesBuildPhase;
			buildActionMask = 2147483647;
			files = (
				77AA5CA91B909C420026D0EE /* bgImage.jpg in Resources */,
				77387A331B8DAF4900EF16A9 /* meicon.png in Resources */,
				77164C141B8D5E3E008D0BDC /* Main.storyboard in Resources */,
				77164C191B8D5E3E008D0BDC /* LaunchScreen.xib in Resources */,
				77D6D5A41B8D9A6400D52F3F /* MJRefresh.bundle in Resources */,
				77387A311B8DAF4900EF16A9 /* circle.png in Resources */,
				77387A3A1B8DAF7C00EF16A9 /* BG.png in Resources */,
				77387A3C1B8DAF8000EF16A9 /* cute_girl.jpg in Resources */,
				77387A351B8DAF4900EF16A9 /* pullrefresh.aif in Resources */,
				77D6D5B41B8DA61600D52F3F /* ProgressHUD.bundle in Resources */,
				77387A341B8DAF4900EF16A9 /* MenuBackground@2x.png in Resources */,
				77164C161B8D5E3E008D0BDC /* Images.xcassets in Resources */,
				77387A321B8DAF4900EF16A9 /* circle@2x.png in Resources */,
			);
			runOnlyForDeploymentPostprocessing = 0;
		};
		77164C1C1B8D5E3E008D0BDC /* Resources */ = {
			isa = PBXResourcesBuildPhase;
			buildActionMask = 2147483647;
			files = (
			);
			runOnlyForDeploymentPostprocessing = 0;
		};
/* End PBXResourcesBuildPhase section */

/* Begin PBXSourcesBuildPhase section */
		77164C021B8D5E3E008D0BDC /* Sources */ = {
			isa = PBXSourcesBuildPhase;
			buildActionMask = 2147483647;
			files = (
				7787CD581B8E1869005DB33F /* UIView+WebCacheOperation.m in Sources */,
				77D6D5AD1B8D9A6400D52F3F /* UIScrollView+MJExtension.m in Sources */,
				77D6D5A51B8D9A6400D52F3F /* MJRefreshComponent.m in Sources */,
				7787CD561B8E1869005DB33F /* UIImageView+HighlightedWebCache.m in Sources */,
				77D6D5A81B8D9A6400D52F3F /* MJRefreshGifFooter.m in Sources */,
				77D6D5AF1B8D9A6400D52F3F /* UIView+MJExtension.m in Sources */,
				77387A361B8DAF4900EF16A9 /* XHPathCover.m in Sources */,
				7787CD501B8E1869005DB33F /* SDWebImageManager.m in Sources */,
				7787CD4D1B8E1869005DB33F /* SDWebImageDecoder.m in Sources */,
				77164C111B8D5E3E008D0BDC /* ViewController.swift in Sources */,
				77D6D5AC1B8D9A6400D52F3F /* MJRefreshLegendHeader.m in Sources */,
				7787CD511B8E1869005DB33F /* SDWebImagePrefetcher.m in Sources */,
				7787CD571B8E1869005DB33F /* UIImageView+WebCache.m in Sources */,
				77164C0F1B8D5E3E008D0BDC /* _2_Test.xcdatamodeld in Sources */,
				77D6D5AA1B8D9A6400D52F3F /* MJRefreshHeader.m in Sources */,
				77D6D5A91B8D9A6400D52F3F /* MJRefreshGifHeader.m in Sources */,
				7787CD531B8E1869005DB33F /* UIImage+GIF.m in Sources */,
				7787CD551B8E1869005DB33F /* UIImage+WebP.m in Sources */,
				7787CD4A1B8E1869005DB33F /* NSData+ImageContentType.m in Sources */,
				7787CD4C1B8E1869005DB33F /* SDWebImageCompat.m in Sources */,
				77387A381B8DAF4900EF16A9 /* XHWaterDropRefresh.m in Sources */,
				77387A371B8DAF4900EF16A9 /* XHSoundManager.m in Sources */,
				7787CD4B1B8E1869005DB33F /* SDImageCache.m in Sources */,
				7787CD4E1B8E1869005DB33F /* SDWebImageDownloader.m in Sources */,
				77D6D5AE1B8D9A6400D52F3F /* UIScrollView+MJRefresh.m in Sources */,
				7787CD5A1B8EAA16005DB33F /* UIViewExtension.swift in Sources */,
				77D6D5AB1B8D9A6400D52F3F /* MJRefreshLegendFooter.m in Sources */,
				7787CD541B8E1869005DB33F /* UIImage+MultiFormat.m in Sources */,
				7787CD521B8E1869005DB33F /* UIButton+WebCache.m in Sources */,
				77164C0C1B8D5E3E008D0BDC /* AppDelegate.swift in Sources */,
				7787CD491B8E1869005DB33F /* MKAnnotationView+WebCache.m in Sources */,
				7787CD4F1B8E1869005DB33F /* SDWebImageDownloaderOperation.m in Sources */,
				7787CD5C1B8EAC6D005DB33F /* LineView.swift in Sources */,
				77D6D5B51B8DA61600D52F3F /* ProgressHUD.m in Sources */,
				77D6D5A61B8D9A6400D52F3F /* MJRefreshConst.m in Sources */,
				77D6D5A71B8D9A6400D52F3F /* MJRefreshFooter.m in Sources */,
			);
			runOnlyForDeploymentPostprocessing = 0;
		};
		77164C1A1B8D5E3E008D0BDC /* Sources */ = {
			isa = PBXSourcesBuildPhase;
			buildActionMask = 2147483647;
			files = (
				77164C251B8D5E3E008D0BDC /* _2_TestTests.swift in Sources */,
			);
			runOnlyForDeploymentPostprocessing = 0;
		};
/* End PBXSourcesBuildPhase section */

/* Begin PBXTargetDependency section */
		77164C201B8D5E3E008D0BDC /* PBXTargetDependency */ = {
			isa = PBXTargetDependency;
			target = 77164C051B8D5E3E008D0BDC /* 02.Test */;
			targetProxy = 77164C1F1B8D5E3E008D0BDC /* PBXContainerItemProxy */;
		};
/* End PBXTargetDependency section */

/* Begin PBXVariantGroup section */
		77164C121B8D5E3E008D0BDC /* Main.storyboard */ = {
			isa = PBXVariantGroup;
			children = (
				77164C131B8D5E3E008D0BDC /* Base */,
			);
			name = Main.storyboard;
			sourceTree = "<group>";
		};
		77164C171B8D5E3E008D0BDC /* LaunchScreen.xib */ = {
			isa = PBXVariantGroup;
			children = (
				77164C181B8D5E3E008D0BDC /* Base */,
			);
			name = LaunchScreen.xib;
			sourceTree = "<group>";
		};
/* End PBXVariantGroup section */

/* Begin XCBuildConfiguration section */
		77164C261B8D5E3E008D0BDC /* Debug */ = {
			isa = XCBuildConfiguration;
			buildSettings = {
				ALWAYS_SEARCH_USER_PATHS = NO;
				CLANG_CXX_LANGUAGE_STANDARD = "gnu++0x";
				CLANG_CXX_LIBRARY = "libc++";
				CLANG_ENABLE_MODULES = YES;
				CLANG_ENABLE_OBJC_ARC = YES;
				CLANG_WARN_BOOL_CONVERSION = YES;
				CLANG_WARN_CONSTANT_CONVERSION = YES;
				CLANG_WARN_DIRECT_OBJC_ISA_USAGE = YES_ERROR;
				CLANG_WARN_EMPTY_BODY = YES;
				CLANG_WARN_ENUM_CONVERSION = YES;
				CLANG_WARN_INT_CONVERSION = YES;
				CLANG_WARN_OBJC_ROOT_CLASS = YES_ERROR;
				CLANG_WARN_UNREACHABLE_CODE = YES;
				CLANG_WARN__DUPLICATE_METHOD_MATCH = YES;
				"CODE_SIGN_IDENTITY[sdk=iphoneos*]" = "iPhone Developer";
				COPY_PHASE_STRIP = NO;
				DEBUG_INFORMATION_FORMAT = "dwarf-with-dsym";
				ENABLE_STRICT_OBJC_MSGSEND = YES;
				GCC_C_LANGUAGE_STANDARD = gnu99;
				GCC_DYNAMIC_NO_PIC = NO;
				GCC_NO_COMMON_BLOCKS = YES;
				GCC_OPTIMIZATION_LEVEL = 0;
				GCC_PREPROCESSOR_DEFINITIONS = (
					"DEBUG=1",
					"$(inherited)",
				);
				GCC_SYMBOLS_PRIVATE_EXTERN = NO;
				GCC_WARN_64_TO_32_BIT_CONVERSION = YES;
				GCC_WARN_ABOUT_RETURN_TYPE = YES_ERROR;
				GCC_WARN_UNDECLARED_SELECTOR = YES;
				GCC_WARN_UNINITIALIZED_AUTOS = YES_AGGRESSIVE;
				GCC_WARN_UNUSED_FUNCTION = YES;
				GCC_WARN_UNUSED_VARIABLE = YES;
				IPHONEOS_DEPLOYMENT_TARGET = 8.3;
				MTL_ENABLE_DEBUG_INFO = YES;
				ONLY_ACTIVE_ARCH = YES;
				SDKROOT = iphoneos;
				SWIFT_OPTIMIZATION_LEVEL = "-Onone";
			};
			name = Debug;
		};
		77164C271B8D5E3E008D0BDC /* Release */ = {
			isa = XCBuildConfiguration;
			buildSettings = {
				ALWAYS_SEARCH_USER_PATHS = NO;
				CLANG_CXX_LANGUAGE_STANDARD = "gnu++0x";
				CLANG_CXX_LIBRARY = "libc++";
				CLANG_ENABLE_MODULES = YES;
				CLANG_ENABLE_OBJC_ARC = YES;
				CLANG_WARN_BOOL_CONVERSION = YES;
				CLANG_WARN_CONSTANT_CONVERSION = YES;
				CLANG_WARN_DIRECT_OBJC_ISA_USAGE = YES_ERROR;
				CLANG_WARN_EMPTY_BODY = YES;
				CLANG_WARN_ENUM_CONVERSION = YES;
				CLANG_WARN_INT_CONVERSION = YES;
				CLANG_WARN_OBJC_ROOT_CLASS = YES_ERROR;
				CLANG_WARN_UNREACHABLE_CODE = YES;
				CLANG_WARN__DUPLICATE_METHOD_MATCH = YES;
				"CODE_SIGN_IDENTITY[sdk=iphoneos*]" = "iPhone Developer";
				COPY_PHASE_STRIP = NO;
				DEBUG_INFORMATION_FORMAT = "dwarf-with-dsym";
				ENABLE_NS_ASSERTIONS = NO;
				ENABLE_STRICT_OBJC_MSGSEND = YES;
				GCC_C_LANGUAGE_STANDARD = gnu99;
				GCC_NO_COMMON_BLOCKS = YES;
				GCC_WARN_64_TO_32_BIT_CONVERSION = YES;
				GCC_WARN_ABOUT_RETURN_TYPE = YES_ERROR;
				GCC_WARN_UNDECLARED_SELECTOR = YES;
				GCC_WARN_UNINITIALIZED_AUTOS = YES_AGGRESSIVE;
				GCC_WARN_UNUSED_FUNCTION = YES;
				GCC_WARN_UNUSED_VARIABLE = YES;
				IPHONEOS_DEPLOYMENT_TARGET = 8.3;
				MTL_ENABLE_DEBUG_INFO = NO;
				SDKROOT = iphoneos;
				VALIDATE_PRODUCT = YES;
			};
			name = Release;
		};
		77164C291B8D5E3E008D0BDC /* Debug */ = {
			isa = XCBuildConfiguration;
			buildSettings = {
				ASSETCATALOG_COMPILER_APPICON_NAME = AppIcon;
				CLANG_ENABLE_MODULES = YES;
				INFOPLIST_FILE = 02.Test/Info.plist;
				LD_RUNPATH_SEARCH_PATHS = "$(inherited) @executable_path/Frameworks";
				PRODUCT_NAME = "$(TARGET_NAME)";
				SWIFT_OBJC_BRIDGING_HEADER = "02.Test/Bridging-Header.h";
				SWIFT_OPTIMIZATION_LEVEL = "-Onone";
			};
			name = Debug;
		};
		77164C2A1B8D5E3E008D0BDC /* Release */ = {
			isa = XCBuildConfiguration;
			buildSettings = {
				ASSETCATALOG_COMPILER_APPICON_NAME = AppIcon;
				CLANG_ENABLE_MODULES = YES;
				INFOPLIST_FILE = 02.Test/Info.plist;
				LD_RUNPATH_SEARCH_PATHS = "$(inherited) @executable_path/Frameworks";
				PRODUCT_NAME = "$(TARGET_NAME)";
				SWIFT_OBJC_BRIDGING_HEADER = "02.Test/Bridging-Header.h";
			};
			name = Release;
		};
		77164C2C1B8D5E3E008D0BDC /* Debug */ = {
			isa = XCBuildConfiguration;
			buildSettings = {
				BUNDLE_LOADER = "$(TEST_HOST)";
				FRAMEWORK_SEARCH_PATHS = (
					"$(SDKROOT)/Developer/Library/Frameworks",
					"$(inherited)",
				);
				GCC_PREPROCESSOR_DEFINITIONS = (
					"DEBUG=1",
					"$(inherited)",
				);
				INFOPLIST_FILE = 02.TestTests/Info.plist;
				LD_RUNPATH_SEARCH_PATHS = "$(inherited) @executable_path/Frameworks @loader_path/Frameworks";
				PRODUCT_NAME = "$(TARGET_NAME)";
				TEST_HOST = "$(BUILT_PRODUCTS_DIR)/02.Test.app/02.Test";
			};
			name = Debug;
		};
		77164C2D1B8D5E3E008D0BDC /* Release */ = {
			isa = XCBuildConfiguration;
			buildSettings = {
				BUNDLE_LOADER = "$(TEST_HOST)";
				FRAMEWORK_SEARCH_PATHS = (
					"$(SDKROOT)/Developer/Library/Frameworks",
					"$(inherited)",
				);
				INFOPLIST_FILE = 02.TestTests/Info.plist;
				LD_RUNPATH_SEARCH_PATHS = "$(inherited) @executable_path/Frameworks @loader_path/Frameworks";
				PRODUCT_NAME = "$(TARGET_NAME)";
				TEST_HOST = "$(BUILT_PRODUCTS_DIR)/02.Test.app/02.Test";
			};
			name = Release;
		};
/* End XCBuildConfiguration section */

/* Begin XCConfigurationList section */
		77164C011B8D5E3D008D0BDC /* Build configuration list for PBXProject "02.Test" */ = {
			isa = XCConfigurationList;
			buildConfigurations = (
				77164C261B8D5E3E008D0BDC /* Debug */,
				77164C271B8D5E3E008D0BDC /* Release */,
			);
			defaultConfigurationIsVisible = 0;
			defaultConfigurationName = Release;
		};
		77164C281B8D5E3E008D0BDC /* Build configuration list for PBXNativeTarget "02.Test" */ = {
			isa = XCConfigurationList;
			buildConfigurations = (
				77164C291B8D5E3E008D0BDC /* Debug */,
				77164C2A1B8D5E3E008D0BDC /* Release */,
			);
			defaultConfigurationIsVisible = 0;
			defaultConfigurationName = Release;
		};
		77164C2B1B8D5E3E008D0BDC /* Build configuration list for PBXNativeTarget "02.TestTests" */ = {
			isa = XCConfigurationList;
			buildConfigurations = (
				77164C2C1B8D5E3E008D0BDC /* Debug */,
				77164C2D1B8D5E3E008D0BDC /* Release */,
			);
			defaultConfigurationIsVisible = 0;
			defaultConfigurationName = Release;
		};
/* End XCConfigurationList section */

/* Begin XCVersionGroup section */
		77164C0D1B8D5E3E008D0BDC /* _2_Test.xcdatamodeld */ = {
			isa = XCVersionGroup;
			children = (
				77164C0E1B8D5E3E008D0BDC /* _2_Test.xcdatamodel */,
			);
			currentVersion = 77164C0E1B8D5E3E008D0BDC /* _2_Test.xcdatamodel */;
			path = _2_Test.xcdatamodeld;
			sourceTree = "<group>";
			versionGroupType = wrapper.xcdatamodel;
		};
/* End XCVersionGroup section */
	};
	rootObject = 77164BFE1B8D5E3D008D0BDC /* Project object */;
}
