// !$*UTF8*$!
{
	archiveVersion = 1;
	classes = {
	};
	objectVersion = 46;
	objects = {

/* Begin PBXBuildFile section */
		778115621AEA7E6600509A54 /* AppDelegate.swift in Sources */ = {isa = PBXBuildFile; fileRef = 778115611AEA7E6600509A54 /* AppDelegate.swift */; };
		778115641AEA7E6600509A54 /* MasterViewController.swift in Sources */ = {isa = PBXBuildFile; fileRef = 778115631AEA7E6600509A54 /* MasterViewController.swift */; };
		778115661AEA7E6600509A54 /* DetailViewController.swift in Sources */ = {isa = PBXBuildFile; fileRef = 778115651AEA7E6600509A54 /* DetailViewController.swift */; };
		778115691AEA7E6600509A54 /* Main.storyboard in Resources */ = {isa = PBXBuildFile; fileRef = 778115671AEA7E6600509A54 /* Main.storyboard */; };
		7781156B1AEA7E6600509A54 /* Images.xcassets in Resources */ = {isa = PBXBuildFile; fileRef = 7781156A1AEA7E6600509A54 /* Images.xcassets */; };
		7781156E1AEA7E6600509A54 /* LaunchScreen.xib in Resources */ = {isa = PBXBuildFile; fileRef = 7781156C1AEA7E6600509A54 /* LaunchScreen.xib */; };
		7781157A1AEA7E6700509A54 /* Master_DetailTests.swift in Sources */ = {isa = PBXBuildFile; fileRef = 778115791AEA7E6700509A54 /* Master_DetailTests.swift */; };
/* End PBXBuildFile section */

/* Begin PBXContainerItemProxy section */
		778115741AEA7E6700509A54 /* PBXContainerItemProxy */ = {
			isa = PBXContainerItemProxy;
			containerPortal = 778115541AEA7E6600509A54 /* Project object */;
			proxyType = 1;
			remoteGlobalIDString = 7781155B1AEA7E6600509A54;
			remoteInfo = Master_Detail;
		};
/* End PBXContainerItemProxy section */

/* Begin PBXFileReference section */
		7781155C1AEA7E6600509A54 /* Master_Detail.app */ = {isa = PBXFileReference; explicitFileType = wrapper.application; includeInIndex = 0; path = Master_Detail.app; sourceTree = BUILT_PRODUCTS_DIR; };
		778115601AEA7E6600509A54 /* Info.plist */ = {isa = PBXFileReference; lastKnownFileType = text.plist.xml; path = Info.plist; sourceTree = "<group>"; };
		778115611AEA7E6600509A54 /* AppDelegate.swift */ = {isa = PBXFileReference; lastKnownFileType = sourcecode.swift; path = AppDelegate.swift; sourceTree = "<group>"; };
		778115631AEA7E6600509A54 /* MasterViewController.swift */ = {isa = PBXFileReference; lastKnownFileType = sourcecode.swift; path = MasterViewController.swift; sourceTree = "<group>"; };
		778115651AEA7E6600509A54 /* DetailViewController.swift */ = {isa = PBXFileReference; lastKnownFileType = sourcecode.swift; path = DetailViewController.swift; sourceTree = "<group>"; };
		778115681AEA7E6600509A54 /* Base */ = {isa = PBXFileReference; lastKnownFileType = file.storyboard; name = Base; path = Base.lproj/Main.storyboard; sourceTree = "<group>"; };
		7781156A1AEA7E6600509A54 /* Images.xcassets */ = {isa = PBXFileReference; lastKnownFileType = folder.assetcatalog; path = Images.xcassets; sourceTree = "<group>"; };
		7781156D1AEA7E6600509A54 /* Base */ = {isa = PBXFileReference; lastKnownFileType = file.xib; name = Base; path = Base.lproj/LaunchScreen.xib; sourceTree = "<group>"; };
		778115731AEA7E6700509A54 /* Master_DetailTests.xctest */ = {isa = PBXFileReference; explicitFileType = wrapper.cfbundle; includeInIndex = 0; path = Master_DetailTests.xctest; sourceTree = BUILT_PRODUCTS_DIR; };
		778115781AEA7E6700509A54 /* Info.plist */ = {isa = PBXFileReference; lastKnownFileType = text.plist.xml; path = Info.plist; sourceTree = "<group>"; };
		778115791AEA7E6700509A54 /* Master_DetailTests.swift */ = {isa = PBXFileReference; lastKnownFileType = sourcecode.swift; path = Master_DetailTests.swift; sourceTree = "<group>"; };
/* End PBXFileReference section */

/* Begin PBXFrameworksBuildPhase section */
		778115591AEA7E6600509A54 /* Frameworks */ = {
			isa = PBXFrameworksBuildPhase;
			buildActionMask = 2147483647;
			files = (
			);
			runOnlyForDeploymentPostprocessing = 0;
		};
		778115701AEA7E6700509A54 /* Frameworks */ = {
			isa = PBXFrameworksBuildPhase;
			buildActionMask = 2147483647;
			files = (
			);
			runOnlyForDeploymentPostprocessing = 0;
		};
/* End PBXFrameworksBuildPhase section */

/* Begin PBXGroup section */
		778115531AEA7E6600509A54 = {
			isa = PBXGroup;
			children = (
				7781155E1AEA7E6600509A54 /* Master_Detail */,
				778115761AEA7E6700509A54 /* Master_DetailTests */,
				7781155D1AEA7E6600509A54 /* Products */,
			);
			sourceTree = "<group>";
		};
		7781155D1AEA7E6600509A54 /* Products */ = {
			isa = PBXGroup;
			children = (
				7781155C1AEA7E6600509A54 /* Master_Detail.app */,
				778115731AEA7E6700509A54 /* Master_DetailTests.xctest */,
			);
			name = Products;
			sourceTree = "<group>";
		};
		7781155E1AEA7E6600509A54 /* Master_Detail */ = {
			isa = PBXGroup;
			children = (
				778115611AEA7E6600509A54 /* AppDelegate.swift */,
				778115631AEA7E6600509A54 /* MasterViewController.swift */,
				778115651AEA7E6600509A54 /* DetailViewController.swift */,
				778115671AEA7E6600509A54 /* Main.storyboard */,
				7781156A1AEA7E6600509A54 /* Images.xcassets */,
				7781156C1AEA7E6600509A54 /* LaunchScreen.xib */,
				7781155F1AEA7E6600509A54 /* Supporting Files */,
			);
			path = Master_Detail;
			sourceTree = "<group>";
		};
		7781155F1AEA7E6600509A54 /* Supporting Files */ = {
			isa = PBXGroup;
			children = (
				778115601AEA7E6600509A54 /* Info.plist */,
			);
			name = "Supporting Files";
			sourceTree = "<group>";
		};
		778115761AEA7E6700509A54 /* Master_DetailTests */ = {
			isa = PBXGroup;
			children = (
				778115791AEA7E6700509A54 /* Master_DetailTests.swift */,
				778115771AEA7E6700509A54 /* Supporting Files */,
			);
			path = Master_DetailTests;
			sourceTree = "<group>";
		};
		778115771AEA7E6700509A54 /* Supporting Files */ = {
			isa = PBXGroup;
			children = (
				778115781AEA7E6700509A54 /* Info.plist */,
			);
			name = "Supporting Files";
			sourceTree = "<group>";
		};
/* End PBXGroup section */

/* Begin PBXNativeTarget section */
		7781155B1AEA7E6600509A54 /* Master_Detail */ = {
			isa = PBXNativeTarget;
			buildConfigurationList = 7781157D1AEA7E6700509A54 /* Build configuration list for PBXNativeTarget "Master_Detail" */;
			buildPhases = (
				778115581AEA7E6600509A54 /* Sources */,
				778115591AEA7E6600509A54 /* Frameworks */,
				7781155A1AEA7E6600509A54 /* Resources */,
			);
			buildRules = (
			);
			dependencies = (
			);
			name = Master_Detail;
			productName = Master_Detail;
			productReference = 7781155C1AEA7E6600509A54 /* Master_Detail.app */;
			productType = "com.apple.product-type.application";
		};
		778115721AEA7E6700509A54 /* Master_DetailTests */ = {
			isa = PBXNativeTarget;
			buildConfigurationList = 778115801AEA7E6700509A54 /* Build configuration list for PBXNativeTarget "Master_DetailTests" */;
			buildPhases = (
				7781156F1AEA7E6700509A54 /* Sources */,
				778115701AEA7E6700509A54 /* Frameworks */,
				778115711AEA7E6700509A54 /* Resources */,
			);
			buildRules = (
			);
			dependencies = (
				778115751AEA7E6700509A54 /* PBXTargetDependency */,
			);
			name = Master_DetailTests;
			productName = Master_DetailTests;
			productReference = 778115731AEA7E6700509A54 /* Master_DetailTests.xctest */;
			productType = "com.apple.product-type.bundle.unit-test";
		};
/* End PBXNativeTarget section */

/* Begin PBXProject section */
		778115541AEA7E6600509A54 /* Project object */ = {
			isa = PBXProject;
			attributes = {
				LastUpgradeCheck = 0620;
				ORGANIZATIONNAME = "游义男";
				TargetAttributes = {
					7781155B1AEA7E6600509A54 = {
						CreatedOnToolsVersion = 6.2;
					};
					778115721AEA7E6700509A54 = {
						CreatedOnToolsVersion = 6.2;
						TestTargetID = 7781155B1AEA7E6600509A54;
					};
				};
			};
			buildConfigurationList = 778115571AEA7E6600509A54 /* Build configuration list for PBXProject "Master_Detail" */;
			compatibilityVersion = "Xcode 3.2";
			developmentRegion = English;
			hasScannedForEncodings = 0;
			knownRegions = (
				en,
				Base,
			);
			mainGroup = 778115531AEA7E6600509A54;
			productRefGroup = 7781155D1AEA7E6600509A54 /* Products */;
			projectDirPath = "";
			projectRoot = "";
			targets = (
				7781155B1AEA7E6600509A54 /* Master_Detail */,
				778115721AEA7E6700509A54 /* Master_DetailTests */,
			);
		};
/* End PBXProject section */

/* Begin PBXResourcesBuildPhase section */
		7781155A1AEA7E6600509A54 /* Resources */ = {
			isa = PBXResourcesBuildPhase;
			buildActionMask = 2147483647;
			files = (
				778115691AEA7E6600509A54 /* Main.storyboard in Resources */,
				7781156E1AEA7E6600509A54 /* LaunchScreen.xib in Resources */,
				7781156B1AEA7E6600509A54 /* Images.xcassets in Resources */,
			);
			runOnlyForDeploymentPostprocessing = 0;
		};
		778115711AEA7E6700509A54 /* Resources */ = {
			isa = PBXResourcesBuildPhase;
			buildActionMask = 2147483647;
			files = (
			);
			runOnlyForDeploymentPostprocessing = 0;
		};
/* End PBXResourcesBuildPhase section */

/* Begin PBXSourcesBuildPhase section */
		778115581AEA7E6600509A54 /* Sources */ = {
			isa = PBXSourcesBuildPhase;
			buildActionMask = 2147483647;
			files = (
				778115661AEA7E6600509A54 /* DetailViewController.swift in Sources */,
				778115641AEA7E6600509A54 /* MasterViewController.swift in Sources */,
				778115621AEA7E6600509A54 /* AppDelegate.swift in Sources */,
			);
			runOnlyForDeploymentPostprocessing = 0;
		};
		7781156F1AEA7E6700509A54 /* Sources */ = {
			isa = PBXSourcesBuildPhase;
			buildActionMask = 2147483647;
			files = (
				7781157A1AEA7E6700509A54 /* Master_DetailTests.swift in Sources */,
			);
			runOnlyForDeploymentPostprocessing = 0;
		};
/* End PBXSourcesBuildPhase section */

/* Begin PBXTargetDependency section */
		778115751AEA7E6700509A54 /* PBXTargetDependency */ = {
			isa = PBXTargetDependency;
			target = 7781155B1AEA7E6600509A54 /* Master_Detail */;
			targetProxy = 778115741AEA7E6700509A54 /* PBXContainerItemProxy */;
		};
/* End PBXTargetDependency section */

/* Begin PBXVariantGroup section */
		778115671AEA7E6600509A54 /* Main.storyboard */ = {
			isa = PBXVariantGroup;
			children = (
				778115681AEA7E6600509A54 /* Base */,
			);
			name = Main.storyboard;
			sourceTree = "<group>";
		};
		7781156C1AEA7E6600509A54 /* LaunchScreen.xib */ = {
			isa = PBXVariantGroup;
			children = (
				7781156D1AEA7E6600509A54 /* Base */,
			);
			name = LaunchScreen.xib;
			sourceTree = "<group>";
		};
/* End PBXVariantGroup section */

/* Begin XCBuildConfiguration section */
		7781157B1AEA7E6700509A54 /* Debug */ = {
			isa = XCBuildConfiguration;
			buildSettings = {
				ALWAYS_SEARCH_USER_PATHS = NO;
				CLANG_CXX_LANGUAGE_STANDARD = "gnu++0x";
				CLANG_CXX_LIBRARY = "libc++";
				CLANG_ENABLE_MODULES = YES;
				CLANG_ENABLE_OBJC_ARC = YES;
				CLANG_WARN_BOOL_CONVERSION = YES;
				CLANG_WARN_CONSTANT_CONVERSION = YES;
				CLANG_WARN_DIRECT_OBJC_ISA_USAGE = YES_ERROR;
				CLANG_WARN_EMPTY_BODY = YES;
				CLANG_WARN_ENUM_CONVERSION = YES;
				CLANG_WARN_INT_CONVERSION = YES;
				CLANG_WARN_OBJC_ROOT_CLASS = YES_ERROR;
				CLANG_WARN_UNREACHABLE_CODE = YES;
				CLANG_WARN__DUPLICATE_METHOD_MATCH = YES;
				"CODE_SIGN_IDENTITY[sdk=iphoneos*]" = "iPhone Developer";
				COPY_PHASE_STRIP = NO;
				ENABLE_STRICT_OBJC_MSGSEND = YES;
				GCC_C_LANGUAGE_STANDARD = gnu99;
				GCC_DYNAMIC_NO_PIC = NO;
				GCC_OPTIMIZATION_LEVEL = 0;
				GCC_PREPROCESSOR_DEFINITIONS = (
					"DEBUG=1",
					"$(inherited)",
				);
				GCC_SYMBOLS_PRIVATE_EXTERN = NO;
				GCC_WARN_64_TO_32_BIT_CONVERSION = YES;
				GCC_WARN_ABOUT_RETURN_TYPE = YES_ERROR;
				GCC_WARN_UNDECLARED_SELECTOR = YES;
				GCC_WARN_UNINITIALIZED_AUTOS = YES_AGGRESSIVE;
				GCC_WARN_UNUSED_FUNCTION = YES;
				GCC_WARN_UNUSED_VARIABLE = YES;
				IPHONEOS_DEPLOYMENT_TARGET = 8.2;
				MTL_ENABLE_DEBUG_INFO = YES;
				ONLY_ACTIVE_ARCH = YES;
				SDKROOT = iphoneos;
				SWIFT_OPTIMIZATION_LEVEL = "-Onone";
			};
			name = Debug;
		};
		7781157C1AEA7E6700509A54 /* Release */ = {
			isa = XCBuildConfiguration;
			buildSettings = {
				ALWAYS_SEARCH_USER_PATHS = NO;
				CLANG_CXX_LANGUAGE_STANDARD = "gnu++0x";
				CLANG_CXX_LIBRARY = "libc++";
				CLANG_ENABLE_MODULES = YES;
				CLANG_ENABLE_OBJC_ARC = YES;
				CLANG_WARN_BOOL_CONVERSION = YES;
				CLANG_WARN_CONSTANT_CONVERSION = YES;
				CLANG_WARN_DIRECT_OBJC_ISA_USAGE = YES_ERROR;
				CLANG_WARN_EMPTY_BODY = YES;
				CLANG_WARN_ENUM_CONVERSION = YES;
				CLANG_WARN_INT_CONVERSION = YES;
				CLANG_WARN_OBJC_ROOT_CLASS = YES_ERROR;
				CLANG_WARN_UNREACHABLE_CODE = YES;
				CLANG_WARN__DUPLICATE_METHOD_MATCH = YES;
				"CODE_SIGN_IDENTITY[sdk=iphoneos*]" = "iPhone Developer";
				COPY_PHASE_STRIP = YES;
				ENABLE_NS_ASSERTIONS = NO;
				ENABLE_STRICT_OBJC_MSGSEND = YES;
				GCC_C_LANGUAGE_STANDARD = gnu99;
				GCC_WARN_64_TO_32_BIT_CONVERSION = YES;
				GCC_WARN_ABOUT_RETURN_TYPE = YES_ERROR;
				GCC_WARN_UNDECLARED_SELECTOR = YES;
				GCC_WARN_UNINITIALIZED_AUTOS = YES_AGGRESSIVE;
				GCC_WARN_UNUSED_FUNCTION = YES;
				GCC_WARN_UNUSED_VARIABLE = YES;
				IPHONEOS_DEPLOYMENT_TARGET = 8.2;
				MTL_ENABLE_DEBUG_INFO = NO;
				SDKROOT = iphoneos;
				VALIDATE_PRODUCT = YES;
			};
			name = Release;
		};
		7781157E1AEA7E6700509A54 /* Debug */ = {
			isa = XCBuildConfiguration;
			buildSettings = {
				ASSETCATALOG_COMPILER_APPICON_NAME = AppIcon;
				INFOPLIST_FILE = Master_Detail/Info.plist;
				LD_RUNPATH_SEARCH_PATHS = "$(inherited) @executable_path/Frameworks";
				PRODUCT_NAME = "$(TARGET_NAME)";
			};
			name = Debug;
		};
		7781157F1AEA7E6700509A54 /* Release */ = {
			isa = XCBuildConfiguration;
			buildSettings = {
				ASSETCATALOG_COMPILER_APPICON_NAME = AppIcon;
				INFOPLIST_FILE = Master_Detail/Info.plist;
				LD_RUNPATH_SEARCH_PATHS = "$(inherited) @executable_path/Frameworks";
				PRODUCT_NAME = "$(TARGET_NAME)";
			};
			name = Release;
		};
		778115811AEA7E6700509A54 /* Debug */ = {
			isa = XCBuildConfiguration;
			buildSettings = {
				BUNDLE_LOADER = "$(TEST_HOST)";
				FRAMEWORK_SEARCH_PATHS = (
					"$(SDKROOT)/Developer/Library/Frameworks",
					"$(inherited)",
				);
				GCC_PREPROCESSOR_DEFINITIONS = (
					"DEBUG=1",
					"$(inherited)",
				);
				INFOPLIST_FILE = Master_DetailTests/Info.plist;
				LD_RUNPATH_SEARCH_PATHS = "$(inherited) @executable_path/Frameworks @loader_path/Frameworks";
				PRODUCT_NAME = "$(TARGET_NAME)";
				TEST_HOST = "$(BUILT_PRODUCTS_DIR)/Master_Detail.app/Master_Detail";
			};
			name = Debug;
		};
		778115821AEA7E6700509A54 /* Release */ = {
			isa = XCBuildConfiguration;
			buildSettings = {
				BUNDLE_LOADER = "$(TEST_HOST)";
				FRAMEWORK_SEARCH_PATHS = (
					"$(SDKROOT)/Developer/Library/Frameworks",
					"$(inherited)",
				);
				INFOPLIST_FILE = Master_DetailTests/Info.plist;
				LD_RUNPATH_SEARCH_PATHS = "$(inherited) @executable_path/Frameworks @loader_path/Frameworks";
				PRODUCT_NAME = "$(TARGET_NAME)";
				TEST_HOST = "$(BUILT_PRODUCTS_DIR)/Master_Detail.app/Master_Detail";
			};
			name = Release;
		};
/* End XCBuildConfiguration section */

/* Begin XCConfigurationList section */
		778115571AEA7E6600509A54 /* Build configuration list for PBXProject "Master_Detail" */ = {
			isa = XCConfigurationList;
			buildConfigurations = (
				7781157B1AEA7E6700509A54 /* Debug */,
				7781157C1AEA7E6700509A54 /* Release */,
			);
			defaultConfigurationIsVisible = 0;
			defaultConfigurationName = Release;
		};
		7781157D1AEA7E6700509A54 /* Build configuration list for PBXNativeTarget "Master_Detail" */ = {
			isa = XCConfigurationList;
			buildConfigurations = (
				7781157E1AEA7E6700509A54 /* Debug */,
				7781157F1AEA7E6700509A54 /* Release */,
			);
			defaultConfigurationIsVisible = 0;
		};
		778115801AEA7E6700509A54 /* Build configuration list for PBXNativeTarget "Master_DetailTests" */ = {
			isa = XCConfigurationList;
			buildConfigurations = (
				778115811AEA7E6700509A54 /* Debug */,
				778115821AEA7E6700509A54 /* Release */,
			);
			defaultConfigurationIsVisible = 0;
		};
/* End XCConfigurationList section */
	};
	rootObject = 778115541AEA7E6600509A54 /* Project object */;
}
